PODS:
  - Alamofire (4.9.1)
  - Cosmos (23.0.0)
  - InputBarAccessoryView (4.3.3):
    - InputBarAccessoryView/Core (= 4.3.3)
  - InputBarAccessoryView/Core (4.3.3)
  - Kingfisher (4.10.1)
  - lottie-ios (3.2.3)
  - MessageKit (3.1.1):
    - InputBarAccessoryView (~> 4.3.0)
  - TransitionButton (0.5.3)

DEPENDENCIES:
  - Alamofire
  - Cosmos
  - Kingfisher
  - lottie-ios
  - MessageKit
  - TransitionButton

SPEC REPOS:
  trunk:
    - Alamofire
    - Cosmos
    - InputBarAccessoryView
    - Kingfisher
    - lottie-ios
    - MessageKit
    - TransitionButton

SPEC CHECKSUMS:
  Alamofire: 85e8a02c69d6020a0d734f6054870d7ecb75cf18
  Cosmos: b5c6a9a637e28a061b54c8f8b1d8529d7d4db73f
  InputBarAccessoryView: 8e7fc09e9cba75e0fee5da13450e15c194806f69
  Kingfisher: c148cd7b47ebde9989f6bc7c27dcaa79d81279a0
  lottie-ios: c058aeafa76daa4cf64d773554bccc8385d0150e
  MessageKit: a3e612a54a24f5d9ca0295760749b481afd3f2da
  TransitionButton: 36283346e17c64775a1b3bc3a7a72940a367de1f

PODFILE CHECKSUM: d5588cb24cfecdf564af29fa5ffad61e07c72e46

COCOAPODS: 1.11.0
