// !$*UTF8*$!
{
	archiveVersion = 1;
	classes = {
	};
	objectVersion = 55;
	objects = {

/* Begin PBXBuildFile section */
		18F4A6749DDB6D8AC8CCAAD8 /* libPods-Shayal.a in Frameworks */ = {isa = PBXBuildFile; fileRef = CB4BA1975F408CC73B3F4BBE /* libPods-Shayal.a */; };
		7F04375B27FB75BB00CB5976 /* Spiner.swift in Sources */ = {isa = PBXBuildFile; fileRef = 7F04375A27FB75BB00CB5976 /* Spiner.swift */; };
		7F04376727FB837200CB5976 /* Home.storyboard in Resources */ = {isa = PBXBuildFile; fileRef = 7F04376627FB837200CB5976 /* Home.storyboard */; };
		7F04377027FB901A00CB5976 /* Home.swift in Sources */ = {isa = PBXBuildFile; fileRef = 7F04376F27FB901A00CB5976 /* Home.swift */; };
		7F04377327FB92B000CB5976 /* HandelShadow.swift in Sources */ = {isa = PBXBuildFile; fileRef = 7F04377227FB92B000CB5976 /* HandelShadow.swift */; };
		7F04377927FB976300CB5976 /* More.swift in Sources */ = {isa = PBXBuildFile; fileRef = 7F04377827FB976300CB5976 /* More.swift */; };
		7F04377B27FB979900CB5976 /* More+TableView.swift in Sources */ = {isa = PBXBuildFile; fileRef = 7F04377A27FB979900CB5976 /* More+TableView.swift */; };
		7F04377D27FB989200CB5976 /* MoreCell.swift in Sources */ = {isa = PBXBuildFile; fileRef = 7F04377C27FB989200CB5976 /* MoreCell.swift */; };
		7F04377F27FB9D4D00CB5976 /* MorePresenter.swift in Sources */ = {isa = PBXBuildFile; fileRef = 7F04377E27FB9D4D00CB5976 /* MorePresenter.swift */; };
		7F04378127FBA24D00CB5976 /* More+Protocol.swift in Sources */ = {isa = PBXBuildFile; fileRef = 7F04378027FBA24D00CB5976 /* More+Protocol.swift */; };
		7F7E8DEB27F1BE4000FACB7C /* Intro1.swift in Sources */ = {isa = PBXBuildFile; fileRef = 7F7E8DE927F1BE4000FACB7C /* Intro1.swift */; };
		7F7E8DEC27F1BE4000FACB7C /* Intro1.xib in Resources */ = {isa = PBXBuildFile; fileRef = 7F7E8DEA27F1BE4000FACB7C /* Intro1.xib */; };
		7F7E8DF027F1C61900FACB7C /* Intro2.swift in Sources */ = {isa = PBXBuildFile; fileRef = 7F7E8DEE27F1C61900FACB7C /* Intro2.swift */; };
		7F7E8DF127F1C61900FACB7C /* Intro2.xib in Resources */ = {isa = PBXBuildFile; fileRef = 7F7E8DEF27F1C61900FACB7C /* Intro2.xib */; };
		7F7E8DF527F1E7F000FACB7C /* Intro3.swift in Sources */ = {isa = PBXBuildFile; fileRef = 7F7E8DF327F1E7F000FACB7C /* Intro3.swift */; };
		7F7E8DF627F1E7F000FACB7C /* Intro3.xib in Resources */ = {isa = PBXBuildFile; fileRef = 7F7E8DF427F1E7F000FACB7C /* Intro3.xib */; };
		7F7E8DFA27F1ECC300FACB7C /* Intro4.swift in Sources */ = {isa = PBXBuildFile; fileRef = 7F7E8DF827F1ECC300FACB7C /* Intro4.swift */; };
		7F7E8DFB27F1ECC300FACB7C /* Intro4.xib in Resources */ = {isa = PBXBuildFile; fileRef = 7F7E8DF927F1ECC300FACB7C /* Intro4.xib */; };
		7F7E8E0227F1FC3200FACB7C /* Login.swift in Sources */ = {isa = PBXBuildFile; fileRef = 7F7E8E0027F1FC3200FACB7C /* Login.swift */; };
		7F7E8E0327F1FC3200FACB7C /* Login.xib in Resources */ = {isa = PBXBuildFile; fileRef = 7F7E8E0127F1FC3200FACB7C /* Login.xib */; };
		7F826D2827FA465B00B2D50E /* APICall.swift in Sources */ = {isa = PBXBuildFile; fileRef = 7F826D2727FA465B00B2D50E /* APICall.swift */; };
		7F826D2A27FA49BD00B2D50E /* File.swift in Sources */ = {isa = PBXBuildFile; fileRef = 7F826D2927FA49BD00B2D50E /* File.swift */; };
		7F826D2F27FA5C4500B2D50E /* EnterNewPassword.swift in Sources */ = {isa = PBXBuildFile; fileRef = 7F826D2D27FA5C4500B2D50E /* EnterNewPassword.swift */; };
		7F826D3027FA5C4500B2D50E /* EnterNewPassword.xib in Resources */ = {isa = PBXBuildFile; fileRef = 7F826D2E27FA5C4500B2D50E /* EnterNewPassword.xib */; };
		7F826D3327FA5C6E00B2D50E /* EnterNewPasswordPresenter.swift in Sources */ = {isa = PBXBuildFile; fileRef = 7F826D3227FA5C6E00B2D50E /* EnterNewPasswordPresenter.swift */; };
		7F826D3727FA609900B2D50E /* HandelButton.swift in Sources */ = {isa = PBXBuildFile; fileRef = 7F826D3627FA609900B2D50E /* HandelButton.swift */; };
		7F826D3927FA63AE00B2D50E /* EnterNewPassword+Extention.swift in Sources */ = {isa = PBXBuildFile; fileRef = 7F826D3827FA63AE00B2D50E /* EnterNewPassword+Extention.swift */; };
		7F826D4127FA67D900B2D50E /* SginUP.swift in Sources */ = {isa = PBXBuildFile; fileRef = 7F826D3F27FA67D900B2D50E /* SginUP.swift */; };
		7F826D4227FA67D900B2D50E /* SginUP.xib in Resources */ = {isa = PBXBuildFile; fileRef = 7F826D4027FA67D900B2D50E /* SginUP.xib */; };
		7F826D4427FA773600B2D50E /* SginUP+Extention.swift in Sources */ = {isa = PBXBuildFile; fileRef = 7F826D4327FA773600B2D50E /* SginUP+Extention.swift */; };
		7F99CE47280A0DE0003BD226 /* Complaints+TableView.swift in Sources */ = {isa = PBXBuildFile; fileRef = 7F99CE44280A0DE0003BD226 /* Complaints+TableView.swift */; };
		7F99CE48280A0DE0003BD226 /* Complaints.xib in Resources */ = {isa = PBXBuildFile; fileRef = 7F99CE45280A0DE0003BD226 /* Complaints.xib */; };
		7F99CE49280A0DE0003BD226 /* Complaints.swift in Sources */ = {isa = PBXBuildFile; fileRef = 7F99CE46280A0DE0003BD226 /* Complaints.swift */; };
		7F99CE4D280A0E1D003BD226 /* TableViewCell.xib in Resources */ = {isa = PBXBuildFile; fileRef = 7F99CE4B280A0E1D003BD226 /* TableViewCell.xib */; };
		7F99CE4E280A0E1D003BD226 /* TableViewCell.swift in Sources */ = {isa = PBXBuildFile; fileRef = 7F99CE4C280A0E1D003BD226 /* TableViewCell.swift */; };
		7F99CE51280A0E43003BD226 /* AddComplaintsViewController.swift in Sources */ = {isa = PBXBuildFile; fileRef = 7F99CE4F280A0E43003BD226 /* AddComplaintsViewController.swift */; };
		7F99CE52280A0E43003BD226 /* AddComplaintsViewController.xib in Resources */ = {isa = PBXBuildFile; fileRef = 7F99CE50280A0E43003BD226 /* AddComplaintsViewController.xib */; };
		7F99CE55280A0E9F003BD226 /* ContactWithUs.swift in Sources */ = {isa = PBXBuildFile; fileRef = 7F99CE53280A0E9F003BD226 /* ContactWithUs.swift */; };
		7F99CE56280A0E9F003BD226 /* ContactWithUs.xib in Resources */ = {isa = PBXBuildFile; fileRef = 7F99CE54280A0E9F003BD226 /* ContactWithUs.xib */; };
		7F99CE59280A0EAB003BD226 /* Language.swift in Sources */ = {isa = PBXBuildFile; fileRef = 7F99CE57280A0EAB003BD226 /* Language.swift */; };
		7F99CE5A280A0EAB003BD226 /* Language.xib in Resources */ = {isa = PBXBuildFile; fileRef = 7F99CE58280A0EAB003BD226 /* Language.xib */; };
		7F99CE5D280A0EB6003BD226 /* TermsAndConditions.swift in Sources */ = {isa = PBXBuildFile; fileRef = 7F99CE5B280A0EB6003BD226 /* TermsAndConditions.swift */; };
		7F99CE5E280A0EB6003BD226 /* TermsAndConditions.xib in Resources */ = {isa = PBXBuildFile; fileRef = 7F99CE5C280A0EB6003BD226 /* TermsAndConditions.xib */; };
		7F99CE61280A0EC9003BD226 /* WhoAreWe.xib in Resources */ = {isa = PBXBuildFile; fileRef = 7F99CE5F280A0EC8003BD226 /* WhoAreWe.xib */; };
		7F99CE62280A0EC9003BD226 /* WhoAreWe.swift in Sources */ = {isa = PBXBuildFile; fileRef = 7F99CE60280A0EC8003BD226 /* WhoAreWe.swift */; };
		7F99CE6A280A0FAC003BD226 /* EditProfile+TF.swift in Sources */ = {isa = PBXBuildFile; fileRef = 7F99CE67280A0FAC003BD226 /* EditProfile+TF.swift */; };
		7F99CE6B280A0FAC003BD226 /* EditUserProfile.swift in Sources */ = {isa = PBXBuildFile; fileRef = 7F99CE68280A0FAC003BD226 /* EditUserProfile.swift */; };
		7F99CE6C280A0FAC003BD226 /* EditUserProfile.xib in Resources */ = {isa = PBXBuildFile; fileRef = 7F99CE69280A0FAC003BD226 /* EditUserProfile.xib */; };
		7F99CE70280A0FC0003BD226 /* UserProfile.swift in Sources */ = {isa = PBXBuildFile; fileRef = 7F99CE6E280A0FC0003BD226 /* UserProfile.swift */; };
		7F99CE71280A0FC0003BD226 /* UserProfile.xib in Resources */ = {isa = PBXBuildFile; fileRef = 7F99CE6F280A0FC0003BD226 /* UserProfile.xib */; };
		7F99CE7C280A11CB003BD226 /* ChatCell.swift in Sources */ = {isa = PBXBuildFile; fileRef = 7F99CE79280A11CB003BD226 /* ChatCell.swift */; };
		7F99CE7D280A11CB003BD226 /* Chat+TableExtention.swift in Sources */ = {isa = PBXBuildFile; fileRef = 7F99CE7A280A11CB003BD226 /* Chat+TableExtention.swift */; };
		7F99CE7E280A11CB003BD226 /* Chat.swift in Sources */ = {isa = PBXBuildFile; fileRef = 7F99CE7B280A11CB003BD226 /* Chat.swift */; };
		7F99CE85280A1270003BD226 /* OrdersPresenter.swift in Sources */ = {isa = PBXBuildFile; fileRef = 7F99CE84280A1270003BD226 /* OrdersPresenter.swift */; };
		7F99CE8B280A128D003BD226 /* Orders+TableExtention.swift in Sources */ = {isa = PBXBuildFile; fileRef = 7F99CE88280A128C003BD226 /* Orders+TableExtention.swift */; };
		7F99CE8C280A128D003BD226 /* Orders+Protocol.swift in Sources */ = {isa = PBXBuildFile; fileRef = 7F99CE89280A128C003BD226 /* Orders+Protocol.swift */; };
		7F99CE8D280A128D003BD226 /* OrderViewController.swift in Sources */ = {isa = PBXBuildFile; fileRef = 7F99CE8A280A128D003BD226 /* OrderViewController.swift */; };
		7F99CE93280A12BE003BD226 /* ActiveOrders.swift in Sources */ = {isa = PBXBuildFile; fileRef = 7F99CE91280A12BE003BD226 /* ActiveOrders.swift */; };
		7F99CE94280A12BE003BD226 /* ActiveOrders.xib in Resources */ = {isa = PBXBuildFile; fileRef = 7F99CE92280A12BE003BD226 /* ActiveOrders.xib */; };
		7F99CE97280A12C6003BD226 /* ExpiredOrders.xib in Resources */ = {isa = PBXBuildFile; fileRef = 7F99CE95280A12C6003BD226 /* ExpiredOrders.xib */; };
		7F99CE98280A12C6003BD226 /* ExpiredOrders.swift in Sources */ = {isa = PBXBuildFile; fileRef = 7F99CE96280A12C6003BD226 /* ExpiredOrders.swift */; };
		7F99CE9B280A12CE003BD226 /* PendingOrders.xib in Resources */ = {isa = PBXBuildFile; fileRef = 7F99CE99280A12CE003BD226 /* PendingOrders.xib */; };
		7F99CE9C280A12CE003BD226 /* PendingOrders.swift in Sources */ = {isa = PBXBuildFile; fileRef = 7F99CE9A280A12CE003BD226 /* PendingOrders.swift */; };
		7F99CEA4280AD795003BD226 /* AddNewOrder.swift in Sources */ = {isa = PBXBuildFile; fileRef = 7F99CEA2280AD795003BD226 /* AddNewOrder.swift */; };
		7F99CEA5280AD795003BD226 /* AddNewOrder.xib in Resources */ = {isa = PBXBuildFile; fileRef = 7F99CEA3280AD795003BD226 /* AddNewOrder.xib */; };
		7F99CEA7280AE802003BD226 /* AddNewOrder+TFExtention.swift in Sources */ = {isa = PBXBuildFile; fileRef = 7F99CEA6280AE802003BD226 /* AddNewOrder+TFExtention.swift */; };
		7F99CEAA280AF60D003BD226 /* HandelTF.swift in Sources */ = {isa = PBXBuildFile; fileRef = 7F99CEA9280AF60D003BD226 /* HandelTF.swift */; };
		7FAB713D27F0CAB700477373 /* AppDelegate.swift in Sources */ = {isa = PBXBuildFile; fileRef = 7FAB713C27F0CAB700477373 /* AppDelegate.swift */; };
		7FAB713F27F0CAB700477373 /* SceneDelegate.swift in Sources */ = {isa = PBXBuildFile; fileRef = 7FAB713E27F0CAB700477373 /* SceneDelegate.swift */; };
		7FAB714127F0CAB700477373 /* ViewController.swift in Sources */ = {isa = PBXBuildFile; fileRef = 7FAB714027F0CAB700477373 /* ViewController.swift */; };
		7FAB714427F0CAB700477373 /* Main.storyboard in Resources */ = {isa = PBXBuildFile; fileRef = 7FAB714227F0CAB700477373 /* Main.storyboard */; };
		7FAB714627F0CAB800477373 /* Assets.xcassets in Resources */ = {isa = PBXBuildFile; fileRef = 7FAB714527F0CAB800477373 /* Assets.xcassets */; };
		7FAB714927F0CAB800477373 /* LaunchScreen.storyboard in Resources */ = {isa = PBXBuildFile; fileRef = 7FAB714727F0CAB800477373 /* LaunchScreen.storyboard */; };
		7FAB715427F0CAB800477373 /* ShayalTests.swift in Sources */ = {isa = PBXBuildFile; fileRef = 7FAB715327F0CAB800477373 /* ShayalTests.swift */; };
		7FAB715E27F0CAB800477373 /* ShayalUITests.swift in Sources */ = {isa = PBXBuildFile; fileRef = 7FAB715D27F0CAB800477373 /* ShayalUITests.swift */; };
		7FAB716027F0CAB800477373 /* ShayalUITestsLaunchTests.swift in Sources */ = {isa = PBXBuildFile; fileRef = 7FAB715F27F0CAB800477373 /* ShayalUITestsLaunchTests.swift */; };
		7FE0E7F527F7537B003FB8BF /* loginPresenter.swift in Sources */ = {isa = PBXBuildFile; fileRef = 7FE0E7F427F7537B003FB8BF /* loginPresenter.swift */; };
		7FE0E7F727F7675A003FB8BF /* LoginVC+Protocol.swift in Sources */ = {isa = PBXBuildFile; fileRef = 7FE0E7F627F7675A003FB8BF /* LoginVC+Protocol.swift */; };
		7FE0E7FB27F77C0A003FB8BF /* ForgetPassword.swift in Sources */ = {isa = PBXBuildFile; fileRef = 7FE0E7F927F77C0A003FB8BF /* ForgetPassword.swift */; };
		7FE0E7FC27F77C0A003FB8BF /* ForgetPassword.xib in Resources */ = {isa = PBXBuildFile; fileRef = 7FE0E7FA27F77C0A003FB8BF /* ForgetPassword.xib */; };
		7FE0E80127F78299003FB8BF /* ForgetPasswordPresenter.swift in Sources */ = {isa = PBXBuildFile; fileRef = 7FE0E80027F78299003FB8BF /* ForgetPasswordPresenter.swift */; };
		7FE0E80327F783C5003FB8BF /* ForgetPassword+Delegate.swift in Sources */ = {isa = PBXBuildFile; fileRef = 7FE0E80227F783C5003FB8BF /* ForgetPassword+Delegate.swift */; };
		7FE0E80827F85B51003FB8BF /* VerificationSuccess.swift in Sources */ = {isa = PBXBuildFile; fileRef = 7FE0E80627F85B51003FB8BF /* VerificationSuccess.swift */; };
		7FE0E80927F85B51003FB8BF /* VerificationSuccess.xib in Resources */ = {isa = PBXBuildFile; fileRef = 7FE0E80727F85B51003FB8BF /* VerificationSuccess.xib */; };
		7FE0E81027F87C4D003FB8BF /* EnterCodePresenter.swift in Sources */ = {isa = PBXBuildFile; fileRef = 7FE0E80F27F87C4D003FB8BF /* EnterCodePresenter.swift */; };
		7FE0E81427F87C79003FB8BF /* EnterCode.swift in Sources */ = {isa = PBXBuildFile; fileRef = 7FE0E81227F87C79003FB8BF /* EnterCode.swift */; };
		7FE0E81527F87C79003FB8BF /* EnterCode.xib in Resources */ = {isa = PBXBuildFile; fileRef = 7FE0E81327F87C79003FB8BF /* EnterCode.xib */; };
		7FE0E81727F8CBC8003FB8BF /* EnterCode+UITextField.swift in Sources */ = {isa = PBXBuildFile; fileRef = 7FE0E81627F8CBC8003FB8BF /* EnterCode+UITextField.swift */; };
		7FE79E5327F0EFD0003D0F3B /* ArbFONTS-Almarai-Light.ttf in Resources */ = {isa = PBXBuildFile; fileRef = 7FE79E5027F0EFD0003D0F3B /* ArbFONTS-Almarai-Light.ttf */; };
		7FE79E5427F0EFD0003D0F3B /* ArbFONTS-Almarai-Bold.ttf in Resources */ = {isa = PBXBuildFile; fileRef = 7FE79E5127F0EFD0003D0F3B /* ArbFONTS-Almarai-Bold.ttf */; };
		7FE79E5527F0EFD0003D0F3B /* Almarai-Regular.ttf in Resources */ = {isa = PBXBuildFile; fileRef = 7FE79E5227F0EFD0003D0F3B /* Almarai-Regular.ttf */; };
/* End PBXBuildFile section */

/* Begin PBXContainerItemProxy section */
		7FAB715027F0CAB800477373 /* PBXContainerItemProxy */ = {
			isa = PBXContainerItemProxy;
			containerPortal = 7FAB713127F0CAB700477373 /* Project object */;
			proxyType = 1;
			remoteGlobalIDString = 7FAB713827F0CAB700477373;
			remoteInfo = Shayal;
		};
		7FAB715A27F0CAB800477373 /* PBXContainerItemProxy */ = {
			isa = PBXContainerItemProxy;
			containerPortal = 7FAB713127F0CAB700477373 /* Project object */;
			proxyType = 1;
			remoteGlobalIDString = 7FAB713827F0CAB700477373;
			remoteInfo = Shayal;
		};
/* End PBXContainerItemProxy section */

/* Begin PBXFileReference section */
		42104522DA31D0062F2441CF /* Pods-Shayal.release.xcconfig */ = {isa = PBXFileReference; includeInIndex = 1; lastKnownFileType = text.xcconfig; name = "Pods-Shayal.release.xcconfig"; path = "Target Support Files/Pods-Shayal/Pods-Shayal.release.xcconfig"; sourceTree = "<group>"; };
		4ADB3ED171A52EDAE1495000 /* Pods-Shayal.debug.xcconfig */ = {isa = PBXFileReference; includeInIndex = 1; lastKnownFileType = text.xcconfig; name = "Pods-Shayal.debug.xcconfig"; path = "Target Support Files/Pods-Shayal/Pods-Shayal.debug.xcconfig"; sourceTree = "<group>"; };
		7F04375A27FB75BB00CB5976 /* Spiner.swift */ = {isa = PBXFileReference; lastKnownFileType = sourcecode.swift; path = Spiner.swift; sourceTree = "<group>"; };
		7F04376627FB837200CB5976 /* Home.storyboard */ = {isa = PBXFileReference; lastKnownFileType = file.storyboard; path = Home.storyboard; sourceTree = "<group>"; };
		7F04376F27FB901A00CB5976 /* Home.swift */ = {isa = PBXFileReference; lastKnownFileType = sourcecode.swift; path = Home.swift; sourceTree = "<group>"; };
		7F04377227FB92B000CB5976 /* HandelShadow.swift */ = {isa = PBXFileReference; lastKnownFileType = sourcecode.swift; path = HandelShadow.swift; sourceTree = "<group>"; };
		7F04377827FB976300CB5976 /* More.swift */ = {isa = PBXFileReference; lastKnownFileType = sourcecode.swift; path = More.swift; sourceTree = "<group>"; };
		7F04377A27FB979900CB5976 /* More+TableView.swift */ = {isa = PBXFileReference; lastKnownFileType = sourcecode.swift; path = "More+TableView.swift"; sourceTree = "<group>"; };
		7F04377C27FB989200CB5976 /* MoreCell.swift */ = {isa = PBXFileReference; lastKnownFileType = sourcecode.swift; path = MoreCell.swift; sourceTree = "<group>"; };
		7F04377E27FB9D4D00CB5976 /* MorePresenter.swift */ = {isa = PBXFileReference; lastKnownFileType = sourcecode.swift; path = MorePresenter.swift; sourceTree = "<group>"; };
		7F04378027FBA24D00CB5976 /* More+Protocol.swift */ = {isa = PBXFileReference; lastKnownFileType = sourcecode.swift; path = "More+Protocol.swift"; sourceTree = "<group>"; };
		7F7E8DE927F1BE4000FACB7C /* Intro1.swift */ = {isa = PBXFileReference; lastKnownFileType = sourcecode.swift; path = Intro1.swift; sourceTree = "<group>"; };
		7F7E8DEA27F1BE4000FACB7C /* Intro1.xib */ = {isa = PBXFileReference; lastKnownFileType = file.xib; path = Intro1.xib; sourceTree = "<group>"; };
		7F7E8DEE27F1C61900FACB7C /* Intro2.swift */ = {isa = PBXFileReference; lastKnownFileType = sourcecode.swift; path = Intro2.swift; sourceTree = "<group>"; };
		7F7E8DEF27F1C61900FACB7C /* Intro2.xib */ = {isa = PBXFileReference; lastKnownFileType = file.xib; path = Intro2.xib; sourceTree = "<group>"; };
		7F7E8DF327F1E7F000FACB7C /* Intro3.swift */ = {isa = PBXFileReference; lastKnownFileType = sourcecode.swift; path = Intro3.swift; sourceTree = "<group>"; };
		7F7E8DF427F1E7F000FACB7C /* Intro3.xib */ = {isa = PBXFileReference; lastKnownFileType = file.xib; path = Intro3.xib; sourceTree = "<group>"; };
		7F7E8DF827F1ECC300FACB7C /* Intro4.swift */ = {isa = PBXFileReference; lastKnownFileType = sourcecode.swift; path = Intro4.swift; sourceTree = "<group>"; };
		7F7E8DF927F1ECC300FACB7C /* Intro4.xib */ = {isa = PBXFileReference; lastKnownFileType = file.xib; path = Intro4.xib; sourceTree = "<group>"; };
		7F7E8E0027F1FC3200FACB7C /* Login.swift */ = {isa = PBXFileReference; lastKnownFileType = sourcecode.swift; path = Login.swift; sourceTree = "<group>"; };
		7F7E8E0127F1FC3200FACB7C /* Login.xib */ = {isa = PBXFileReference; lastKnownFileType = file.xib; path = Login.xib; sourceTree = "<group>"; };
		7F826D2727FA465B00B2D50E /* APICall.swift */ = {isa = PBXFileReference; lastKnownFileType = sourcecode.swift; path = APICall.swift; sourceTree = "<group>"; };
		7F826D2927FA49BD00B2D50E /* File.swift */ = {isa = PBXFileReference; lastKnownFileType = sourcecode.swift; path = File.swift; sourceTree = "<group>"; };
		7F826D2D27FA5C4500B2D50E /* EnterNewPassword.swift */ = {isa = PBXFileReference; lastKnownFileType = sourcecode.swift; path = EnterNewPassword.swift; sourceTree = "<group>"; };
		7F826D2E27FA5C4500B2D50E /* EnterNewPassword.xib */ = {isa = PBXFileReference; lastKnownFileType = file.xib; path = EnterNewPassword.xib; sourceTree = "<group>"; };
		7F826D3227FA5C6E00B2D50E /* EnterNewPasswordPresenter.swift */ = {isa = PBXFileReference; lastKnownFileType = sourcecode.swift; path = EnterNewPasswordPresenter.swift; sourceTree = "<group>"; };
		7F826D3627FA609900B2D50E /* HandelButton.swift */ = {isa = PBXFileReference; lastKnownFileType = sourcecode.swift; path = HandelButton.swift; sourceTree = "<group>"; };
		7F826D3827FA63AE00B2D50E /* EnterNewPassword+Extention.swift */ = {isa = PBXFileReference; lastKnownFileType = sourcecode.swift; path = "EnterNewPassword+Extention.swift"; sourceTree = "<group>"; };
		7F826D3F27FA67D900B2D50E /* SginUP.swift */ = {isa = PBXFileReference; lastKnownFileType = sourcecode.swift; path = SginUP.swift; sourceTree = "<group>"; };
		7F826D4027FA67D900B2D50E /* SginUP.xib */ = {isa = PBXFileReference; lastKnownFileType = file.xib; path = SginUP.xib; sourceTree = "<group>"; };
		7F826D4327FA773600B2D50E /* SginUP+Extention.swift */ = {isa = PBXFileReference; lastKnownFileType = sourcecode.swift; path = "SginUP+Extention.swift"; sourceTree = "<group>"; };
		7F99CE44280A0DE0003BD226 /* Complaints+TableView.swift */ = {isa = PBXFileReference; fileEncoding = 4; lastKnownFileType = sourcecode.swift; path = "Complaints+TableView.swift"; sourceTree = "<group>"; };
		7F99CE45280A0DE0003BD226 /* Complaints.xib */ = {isa = PBXFileReference; fileEncoding = 4; lastKnownFileType = file.xib; path = Complaints.xib; sourceTree = "<group>"; };
		7F99CE46280A0DE0003BD226 /* Complaints.swift */ = {isa = PBXFileReference; fileEncoding = 4; lastKnownFileType = sourcecode.swift; path = Complaints.swift; sourceTree = "<group>"; };
		7F99CE4B280A0E1D003BD226 /* TableViewCell.xib */ = {isa = PBXFileReference; fileEncoding = 4; lastKnownFileType = file.xib; path = TableViewCell.xib; sourceTree = "<group>"; };
		7F99CE4C280A0E1D003BD226 /* TableViewCell.swift */ = {isa = PBXFileReference; fileEncoding = 4; lastKnownFileType = sourcecode.swift; path = TableViewCell.swift; sourceTree = "<group>"; };
		7F99CE4F280A0E43003BD226 /* AddComplaintsViewController.swift */ = {isa = PBXFileReference; fileEncoding = 4; lastKnownFileType = sourcecode.swift; path = AddComplaintsViewController.swift; sourceTree = "<group>"; };
		7F99CE50280A0E43003BD226 /* AddComplaintsViewController.xib */ = {isa = PBXFileReference; fileEncoding = 4; lastKnownFileType = file.xib; path = AddComplaintsViewController.xib; sourceTree = "<group>"; };
		7F99CE53280A0E9F003BD226 /* ContactWithUs.swift */ = {isa = PBXFileReference; fileEncoding = 4; lastKnownFileType = sourcecode.swift; path = ContactWithUs.swift; sourceTree = "<group>"; };
		7F99CE54280A0E9F003BD226 /* ContactWithUs.xib */ = {isa = PBXFileReference; fileEncoding = 4; lastKnownFileType = file.xib; path = ContactWithUs.xib; sourceTree = "<group>"; };
		7F99CE57280A0EAB003BD226 /* Language.swift */ = {isa = PBXFileReference; fileEncoding = 4; lastKnownFileType = sourcecode.swift; path = Language.swift; sourceTree = "<group>"; };
		7F99CE58280A0EAB003BD226 /* Language.xib */ = {isa = PBXFileReference; fileEncoding = 4; lastKnownFileType = file.xib; path = Language.xib; sourceTree = "<group>"; };
		7F99CE5B280A0EB6003BD226 /* TermsAndConditions.swift */ = {isa = PBXFileReference; fileEncoding = 4; lastKnownFileType = sourcecode.swift; path = TermsAndConditions.swift; sourceTree = "<group>"; };
		7F99CE5C280A0EB6003BD226 /* TermsAndConditions.xib */ = {isa = PBXFileReference; fileEncoding = 4; lastKnownFileType = file.xib; path = TermsAndConditions.xib; sourceTree = "<group>"; };
		7F99CE5F280A0EC8003BD226 /* WhoAreWe.xib */ = {isa = PBXFileReference; fileEncoding = 4; lastKnownFileType = file.xib; path = WhoAreWe.xib; sourceTree = "<group>"; };
		7F99CE60280A0EC8003BD226 /* WhoAreWe.swift */ = {isa = PBXFileReference; fileEncoding = 4; lastKnownFileType = sourcecode.swift; path = WhoAreWe.swift; sourceTree = "<group>"; };
		7F99CE67280A0FAC003BD226 /* EditProfile+TF.swift */ = {isa = PBXFileReference; fileEncoding = 4; lastKnownFileType = sourcecode.swift; path = "EditProfile+TF.swift"; sourceTree = "<group>"; };
		7F99CE68280A0FAC003BD226 /* EditUserProfile.swift */ = {isa = PBXFileReference; fileEncoding = 4; lastKnownFileType = sourcecode.swift; path = EditUserProfile.swift; sourceTree = "<group>"; };
		7F99CE69280A0FAC003BD226 /* EditUserProfile.xib */ = {isa = PBXFileReference; fileEncoding = 4; lastKnownFileType = file.xib; path = EditUserProfile.xib; sourceTree = "<group>"; };
		7F99CE6E280A0FC0003BD226 /* UserProfile.swift */ = {isa = PBXFileReference; fileEncoding = 4; lastKnownFileType = sourcecode.swift; path = UserProfile.swift; sourceTree = "<group>"; };
		7F99CE6F280A0FC0003BD226 /* UserProfile.xib */ = {isa = PBXFileReference; fileEncoding = 4; lastKnownFileType = file.xib; path = UserProfile.xib; sourceTree = "<group>"; };
		7F99CE79280A11CB003BD226 /* ChatCell.swift */ = {isa = PBXFileReference; fileEncoding = 4; lastKnownFileType = sourcecode.swift; path = ChatCell.swift; sourceTree = "<group>"; };
		7F99CE7A280A11CB003BD226 /* Chat+TableExtention.swift */ = {isa = PBXFileReference; fileEncoding = 4; lastKnownFileType = sourcecode.swift; path = "Chat+TableExtention.swift"; sourceTree = "<group>"; };
		7F99CE7B280A11CB003BD226 /* Chat.swift */ = {isa = PBXFileReference; fileEncoding = 4; lastKnownFileType = sourcecode.swift; path = Chat.swift; sourceTree = "<group>"; };
		7F99CE84280A1270003BD226 /* OrdersPresenter.swift */ = {isa = PBXFileReference; fileEncoding = 4; lastKnownFileType = sourcecode.swift; path = OrdersPresenter.swift; sourceTree = "<group>"; };
		7F99CE88280A128C003BD226 /* Orders+TableExtention.swift */ = {isa = PBXFileReference; fileEncoding = 4; lastKnownFileType = sourcecode.swift; path = "Orders+TableExtention.swift"; sourceTree = "<group>"; };
		7F99CE89280A128C003BD226 /* Orders+Protocol.swift */ = {isa = PBXFileReference; fileEncoding = 4; lastKnownFileType = sourcecode.swift; path = "Orders+Protocol.swift"; sourceTree = "<group>"; };
		7F99CE8A280A128D003BD226 /* OrderViewController.swift */ = {isa = PBXFileReference; fileEncoding = 4; lastKnownFileType = sourcecode.swift; path = OrderViewController.swift; sourceTree = "<group>"; };
		7F99CE91280A12BE003BD226 /* ActiveOrders.swift */ = {isa = PBXFileReference; fileEncoding = 4; lastKnownFileType = sourcecode.swift; path = ActiveOrders.swift; sourceTree = "<group>"; };
		7F99CE92280A12BE003BD226 /* ActiveOrders.xib */ = {isa = PBXFileReference; fileEncoding = 4; lastKnownFileType = file.xib; path = ActiveOrders.xib; sourceTree = "<group>"; };
		7F99CE95280A12C6003BD226 /* ExpiredOrders.xib */ = {isa = PBXFileReference; fileEncoding = 4; lastKnownFileType = file.xib; path = ExpiredOrders.xib; sourceTree = "<group>"; };
		7F99CE96280A12C6003BD226 /* ExpiredOrders.swift */ = {isa = PBXFileReference; fileEncoding = 4; lastKnownFileType = sourcecode.swift; path = ExpiredOrders.swift; sourceTree = "<group>"; };
		7F99CE99280A12CE003BD226 /* PendingOrders.xib */ = {isa = PBXFileReference; fileEncoding = 4; lastKnownFileType = file.xib; path = PendingOrders.xib; sourceTree = "<group>"; };
		7F99CE9A280A12CE003BD226 /* PendingOrders.swift */ = {isa = PBXFileReference; fileEncoding = 4; lastKnownFileType = sourcecode.swift; path = PendingOrders.swift; sourceTree = "<group>"; };
		7F99CEA2280AD795003BD226 /* AddNewOrder.swift */ = {isa = PBXFileReference; lastKnownFileType = sourcecode.swift; path = AddNewOrder.swift; sourceTree = "<group>"; };
		7F99CEA3280AD795003BD226 /* AddNewOrder.xib */ = {isa = PBXFileReference; lastKnownFileType = file.xib; path = AddNewOrder.xib; sourceTree = "<group>"; };
		7F99CEA6280AE802003BD226 /* AddNewOrder+TFExtention.swift */ = {isa = PBXFileReference; lastKnownFileType = sourcecode.swift; path = "AddNewOrder+TFExtention.swift"; sourceTree = "<group>"; };
		7F99CEA9280AF60D003BD226 /* HandelTF.swift */ = {isa = PBXFileReference; lastKnownFileType = sourcecode.swift; path = HandelTF.swift; sourceTree = "<group>"; };
		7FAB713927F0CAB700477373 /* Shayal.app */ = {isa = PBXFileReference; explicitFileType = wrapper.application; includeInIndex = 0; path = Shayal.app; sourceTree = BUILT_PRODUCTS_DIR; };
		7FAB713C27F0CAB700477373 /* AppDelegate.swift */ = {isa = PBXFileReference; lastKnownFileType = sourcecode.swift; path = AppDelegate.swift; sourceTree = "<group>"; };
		7FAB713E27F0CAB700477373 /* SceneDelegate.swift */ = {isa = PBXFileReference; lastKnownFileType = sourcecode.swift; path = SceneDelegate.swift; sourceTree = "<group>"; };
		7FAB714027F0CAB700477373 /* ViewController.swift */ = {isa = PBXFileReference; lastKnownFileType = sourcecode.swift; path = ViewController.swift; sourceTree = "<group>"; };
		7FAB714327F0CAB700477373 /* Base */ = {isa = PBXFileReference; lastKnownFileType = file.storyboard; name = Base; path = Base.lproj/Main.storyboard; sourceTree = "<group>"; };
		7FAB714527F0CAB800477373 /* Assets.xcassets */ = {isa = PBXFileReference; lastKnownFileType = folder.assetcatalog; path = Assets.xcassets; sourceTree = "<group>"; };
		7FAB714827F0CAB800477373 /* Base */ = {isa = PBXFileReference; lastKnownFileType = file.storyboard; name = Base; path = Base.lproj/LaunchScreen.storyboard; sourceTree = "<group>"; };
		7FAB714A27F0CAB800477373 /* Info.plist */ = {isa = PBXFileReference; lastKnownFileType = text.plist.xml; path = Info.plist; sourceTree = "<group>"; };
		7FAB714F27F0CAB800477373 /* ShayalTests.xctest */ = {isa = PBXFileReference; explicitFileType = wrapper.cfbundle; includeInIndex = 0; path = ShayalTests.xctest; sourceTree = BUILT_PRODUCTS_DIR; };
		7FAB715327F0CAB800477373 /* ShayalTests.swift */ = {isa = PBXFileReference; lastKnownFileType = sourcecode.swift; path = ShayalTests.swift; sourceTree = "<group>"; };
		7FAB715927F0CAB800477373 /* ShayalUITests.xctest */ = {isa = PBXFileReference; explicitFileType = wrapper.cfbundle; includeInIndex = 0; path = ShayalUITests.xctest; sourceTree = BUILT_PRODUCTS_DIR; };
		7FAB715D27F0CAB800477373 /* ShayalUITests.swift */ = {isa = PBXFileReference; lastKnownFileType = sourcecode.swift; path = ShayalUITests.swift; sourceTree = "<group>"; };
		7FAB715F27F0CAB800477373 /* ShayalUITestsLaunchTests.swift */ = {isa = PBXFileReference; lastKnownFileType = sourcecode.swift; path = ShayalUITestsLaunchTests.swift; sourceTree = "<group>"; };
		7FE0E7F427F7537B003FB8BF /* loginPresenter.swift */ = {isa = PBXFileReference; lastKnownFileType = sourcecode.swift; path = loginPresenter.swift; sourceTree = "<group>"; };
		7FE0E7F627F7675A003FB8BF /* LoginVC+Protocol.swift */ = {isa = PBXFileReference; lastKnownFileType = sourcecode.swift; path = "LoginVC+Protocol.swift"; sourceTree = "<group>"; };
		7FE0E7F927F77C0A003FB8BF /* ForgetPassword.swift */ = {isa = PBXFileReference; lastKnownFileType = sourcecode.swift; path = ForgetPassword.swift; sourceTree = "<group>"; };
		7FE0E7FA27F77C0A003FB8BF /* ForgetPassword.xib */ = {isa = PBXFileReference; lastKnownFileType = file.xib; path = ForgetPassword.xib; sourceTree = "<group>"; };
		7FE0E80027F78299003FB8BF /* ForgetPasswordPresenter.swift */ = {isa = PBXFileReference; lastKnownFileType = sourcecode.swift; path = ForgetPasswordPresenter.swift; sourceTree = "<group>"; };
		7FE0E80227F783C5003FB8BF /* ForgetPassword+Delegate.swift */ = {isa = PBXFileReference; lastKnownFileType = sourcecode.swift; path = "ForgetPassword+Delegate.swift"; sourceTree = "<group>"; };
		7FE0E80627F85B51003FB8BF /* VerificationSuccess.swift */ = {isa = PBXFileReference; lastKnownFileType = sourcecode.swift; path = VerificationSuccess.swift; sourceTree = "<group>"; };
		7FE0E80727F85B51003FB8BF /* VerificationSuccess.xib */ = {isa = PBXFileReference; lastKnownFileType = file.xib; path = VerificationSuccess.xib; sourceTree = "<group>"; };
		7FE0E80F27F87C4D003FB8BF /* EnterCodePresenter.swift */ = {isa = PBXFileReference; lastKnownFileType = sourcecode.swift; path = EnterCodePresenter.swift; sourceTree = "<group>"; };
		7FE0E81227F87C79003FB8BF /* EnterCode.swift */ = {isa = PBXFileReference; lastKnownFileType = sourcecode.swift; path = EnterCode.swift; sourceTree = "<group>"; };
		7FE0E81327F87C79003FB8BF /* EnterCode.xib */ = {isa = PBXFileReference; lastKnownFileType = file.xib; path = EnterCode.xib; sourceTree = "<group>"; };
		7FE0E81627F8CBC8003FB8BF /* EnterCode+UITextField.swift */ = {isa = PBXFileReference; lastKnownFileType = sourcecode.swift; path = "EnterCode+UITextField.swift"; sourceTree = "<group>"; };
		7FE79E5027F0EFD0003D0F3B /* ArbFONTS-Almarai-Light.ttf */ = {isa = PBXFileReference; lastKnownFileType = file; path = "ArbFONTS-Almarai-Light.ttf"; sourceTree = "<group>"; };
		7FE79E5127F0EFD0003D0F3B /* ArbFONTS-Almarai-Bold.ttf */ = {isa = PBXFileReference; lastKnownFileType = file; path = "ArbFONTS-Almarai-Bold.ttf"; sourceTree = "<group>"; };
		7FE79E5227F0EFD0003D0F3B /* Almarai-Regular.ttf */ = {isa = PBXFileReference; lastKnownFileType = file; path = "Almarai-Regular.ttf"; sourceTree = "<group>"; };
		CB4BA1975F408CC73B3F4BBE /* libPods-Shayal.a */ = {isa = PBXFileReference; explicitFileType = archive.ar; includeInIndex = 0; path = "libPods-Shayal.a"; sourceTree = BUILT_PRODUCTS_DIR; };
/* End PBXFileReference section */

/* Begin PBXFrameworksBuildPhase section */
		7FAB713627F0CAB700477373 /* Frameworks */ = {
			isa = PBXFrameworksBuildPhase;
			buildActionMask = 2147483647;
			files = (
				18F4A6749DDB6D8AC8CCAAD8 /* libPods-Shayal.a in Frameworks */,
			);
			runOnlyForDeploymentPostprocessing = 0;
		};
		7FAB714C27F0CAB800477373 /* Frameworks */ = {
			isa = PBXFrameworksBuildPhase;
			buildActionMask = 2147483647;
			files = (
			);
			runOnlyForDeploymentPostprocessing = 0;
		};
		7FAB715627F0CAB800477373 /* Frameworks */ = {
			isa = PBXFrameworksBuildPhase;
			buildActionMask = 2147483647;
			files = (
			);
			runOnlyForDeploymentPostprocessing = 0;
		};
/* End PBXFrameworksBuildPhase section */

/* Begin PBXGroup section */
		5A3F16882213703A0A9DDAAB /* Frameworks */ = {
			isa = PBXGroup;
			children = (
				CB4BA1975F408CC73B3F4BBE /* libPods-Shayal.a */,
			);
			name = Frameworks;
			sourceTree = "<group>";
		};
		67EA549F46E19A93A6CD5660 /* Pods */ = {
			isa = PBXGroup;
			children = (
				4ADB3ED171A52EDAE1495000 /* Pods-Shayal.debug.xcconfig */,
				42104522DA31D0062F2441CF /* Pods-Shayal.release.xcconfig */,
			);
			path = Pods;
			sourceTree = "<group>";
		};
		7F04375927FB759600CB5976 /* Handel Spiner */ = {
			isa = PBXGroup;
			children = (
				7F04375A27FB75BB00CB5976 /* Spiner.swift */,
			);
			path = "Handel Spiner";
			sourceTree = "<group>";
		};
		7F04376827FB8FB200CB5976 /* MVP Home */ = {
			isa = PBXGroup;
			children = (
				7F99CE81280A121E003BD226 /* MyOrders */,
				7F99CE75280A11B5003BD226 /* Chat */,
				7F04376927FB8FBD00CB5976 /* Home */,
				7F04377427FB973200CB5976 /* More */,
			);
			path = "MVP Home";
			sourceTree = "<group>";
		};
		7F04376927FB8FBD00CB5976 /* Home */ = {
			isa = PBXGroup;
			children = (
				7F99CE9D280AD728003BD226 /* Home */,
				7F99CE9E280AD740003BD226 /* AddNewOrder */,
			);
			path = Home;
			sourceTree = "<group>";
		};
		7F04376B27FB8FCA00CB5976 /* View */ = {
			isa = PBXGroup;
			children = (
				7F04376F27FB901A00CB5976 /* Home.swift */,
			);
			path = View;
			sourceTree = "<group>";
		};
		7F04377127FB928700CB5976 /* Handel Shaow */ = {
			isa = PBXGroup;
			children = (
				7F04377227FB92B000CB5976 /* HandelShadow.swift */,
			);
			path = "Handel Shaow";
			sourceTree = "<group>";
		};
		7F04377427FB973200CB5976 /* More */ = {
			isa = PBXGroup;
			children = (
				7F99CE63280A0F42003BD226 /* Profile */,
				7F99CE3A280A0D27003BD226 /* TB */,
				7F99CE39280A0C27003BD226 /* Main */,
			);
			path = More;
			sourceTree = "<group>";
		};
		7F04377527FB973A00CB5976 /* Presenter */ = {
			isa = PBXGroup;
			children = (
				7F04377E27FB9D4D00CB5976 /* MorePresenter.swift */,
			);
			path = Presenter;
			sourceTree = "<group>";
		};
		7F04377627FB973D00CB5976 /* View */ = {
			isa = PBXGroup;
			children = (
				7F04377827FB976300CB5976 /* More.swift */,
				7F04377A27FB979900CB5976 /* More+TableView.swift */,
				7F04378027FBA24D00CB5976 /* More+Protocol.swift */,
				7F04377C27FB989200CB5976 /* MoreCell.swift */,
			);
			path = View;
			sourceTree = "<group>";
		};
		7F7E8DE327F1AA7D00FACB7C /* Core */ = {
			isa = PBXGroup;
			children = (
				7FAB713C27F0CAB700477373 /* AppDelegate.swift */,
			);
			path = Core;
			sourceTree = "<group>";
		};
		7F7E8DE427F1AAA200FACB7C /* Resources */ = {
			isa = PBXGroup;
			children = (
				7FAB714527F0CAB800477373 /* Assets.xcassets */,
				7FAB714727F0CAB800477373 /* LaunchScreen.storyboard */,
			);
			path = Resources;
			sourceTree = "<group>";
		};
		7F7E8DE627F1BD6400FACB7C /* IntroScreens */ = {
			isa = PBXGroup;
			children = (
				7F7E8DE827F1BE1E00FACB7C /* Intro1 */,
				7F7E8DED27F1C60800FACB7C /* Intro2 */,
				7F7E8DF227F1E7BD00FACB7C /* Intro3 */,
				7F7E8DF727F1EC7B00FACB7C /* Intro4 */,
			);
			path = IntroScreens;
			sourceTree = "<group>";
		};
		7F7E8DE827F1BE1E00FACB7C /* Intro1 */ = {
			isa = PBXGroup;
			children = (
				7F7E8DE927F1BE4000FACB7C /* Intro1.swift */,
				7F7E8DEA27F1BE4000FACB7C /* Intro1.xib */,
			);
			path = Intro1;
			sourceTree = "<group>";
		};
		7F7E8DED27F1C60800FACB7C /* Intro2 */ = {
			isa = PBXGroup;
			children = (
				7F7E8DEE27F1C61900FACB7C /* Intro2.swift */,
				7F7E8DEF27F1C61900FACB7C /* Intro2.xib */,
			);
			path = Intro2;
			sourceTree = "<group>";
		};
		7F7E8DF227F1E7BD00FACB7C /* Intro3 */ = {
			isa = PBXGroup;
			children = (
				7F7E8DF327F1E7F000FACB7C /* Intro3.swift */,
				7F7E8DF427F1E7F000FACB7C /* Intro3.xib */,
			);
			path = Intro3;
			sourceTree = "<group>";
		};
		7F7E8DF727F1EC7B00FACB7C /* Intro4 */ = {
			isa = PBXGroup;
			children = (
				7F7E8DF827F1ECC300FACB7C /* Intro4.swift */,
				7F7E8DF927F1ECC300FACB7C /* Intro4.xib */,
			);
			path = Intro4;
			sourceTree = "<group>";
		};
		7F7E8DFC27F1FC0900FACB7C /* Login */ = {
			isa = PBXGroup;
			children = (
				7F7E8DFF27F1FC1900FACB7C /* Model */,
				7F7E8DFE27F1FC1500FACB7C /* View */,
				7F7E8DFD27F1FC1200FACB7C /* Presenter */,
			);
			path = Login;
			sourceTree = "<group>";
		};
		7F7E8DFD27F1FC1200FACB7C /* Presenter */ = {
			isa = PBXGroup;
			children = (
				7FE0E7F427F7537B003FB8BF /* loginPresenter.swift */,
			);
			path = Presenter;
			sourceTree = "<group>";
		};
		7F7E8DFE27F1FC1500FACB7C /* View */ = {
			isa = PBXGroup;
			children = (
				7F7E8E0027F1FC3200FACB7C /* Login.swift */,
				7FE0E7F627F7675A003FB8BF /* LoginVC+Protocol.swift */,
				7F7E8E0127F1FC3200FACB7C /* Login.xib */,
			);
			path = View;
			sourceTree = "<group>";
		};
		7F7E8DFF27F1FC1900FACB7C /* Model */ = {
			isa = PBXGroup;
			children = (
			);
			path = Model;
			sourceTree = "<group>";
		};
		7F826D2327FA431200B2D50E /* API Call */ = {
			isa = PBXGroup;
			children = (
				7F826D2627FA463B00B2D50E /* Base */,
			);
			path = "API Call";
			sourceTree = "<group>";
		};
		7F826D2627FA463B00B2D50E /* Base */ = {
			isa = PBXGroup;
			children = (
				7F826D2927FA49BD00B2D50E /* File.swift */,
				7F826D2727FA465B00B2D50E /* APICall.swift */,
			);
			path = Base;
			sourceTree = "<group>";
		};
		7F826D2B27FA5A8600B2D50E /* SignUP */ = {
			isa = PBXGroup;
			children = (
				7F826D3E27FA67B400B2D50E /* Model */,
				7F826D3D27FA67B100B2D50E /* View */,
				7F826D3C27FA67A900B2D50E /* Presenter */,
			);
			path = SignUP;
			sourceTree = "<group>";
		};
		7F826D2C27FA5C1F00B2D50E /* EnterNewPasssword */ = {
			isa = PBXGroup;
			children = (
				7F826D2D27FA5C4500B2D50E /* EnterNewPassword.swift */,
				7F826D3827FA63AE00B2D50E /* EnterNewPassword+Extention.swift */,
				7F826D2E27FA5C4500B2D50E /* EnterNewPassword.xib */,
			);
			path = EnterNewPasssword;
			sourceTree = "<group>";
		};
		7F826D3127FA5C5000B2D50E /* EnterNewPassword */ = {
			isa = PBXGroup;
			children = (
				7F826D3227FA5C6E00B2D50E /* EnterNewPasswordPresenter.swift */,
			);
			path = EnterNewPassword;
			sourceTree = "<group>";
		};
		7F826D3427FA608000B2D50E /* Helper */ = {
			isa = PBXGroup;
			children = (
				7F99CEA8280AF602003BD226 /* Handel TF */,
				7F04377127FB928700CB5976 /* Handel Shaow */,
				7F04375927FB759600CB5976 /* Handel Spiner */,
				7F826D3527FA608700B2D50E /* Handel Button */,
			);
			path = Helper;
			sourceTree = "<group>";
		};
		7F826D3527FA608700B2D50E /* Handel Button */ = {
			isa = PBXGroup;
			children = (
				7F826D3627FA609900B2D50E /* HandelButton.swift */,
			);
			path = "Handel Button";
			sourceTree = "<group>";
		};
		7F826D3B27FA66EC00B2D50E /* Main */ = {
			isa = PBXGroup;
			children = (
				7F7E8DE427F1AAA200FACB7C /* Resources */,
				7F826D2327FA431200B2D50E /* API Call */,
				7F826D3427FA608000B2D50E /* Helper */,
				7F7E8DE327F1AA7D00FACB7C /* Core */,
				7FE79E4727F0EE9E003D0F3B /* Font */,
			);
			path = Main;
			sourceTree = "<group>";
		};
		7F826D3C27FA67A900B2D50E /* Presenter */ = {
			isa = PBXGroup;
			children = (
			);
			path = Presenter;
			sourceTree = "<group>";
		};
		7F826D3D27FA67B100B2D50E /* View */ = {
			isa = PBXGroup;
			children = (
				7F826D3F27FA67D900B2D50E /* SginUP.swift */,
				7F826D4327FA773600B2D50E /* SginUP+Extention.swift */,
				7F826D4027FA67D900B2D50E /* SginUP.xib */,
			);
			path = View;
			sourceTree = "<group>";
		};
		7F826D3E27FA67B400B2D50E /* Model */ = {
			isa = PBXGroup;
			children = (
			);
			path = Model;
			sourceTree = "<group>";
		};
		7F99CE39280A0C27003BD226 /* Main */ = {
			isa = PBXGroup;
			children = (
				7F04377627FB973D00CB5976 /* View */,
				7F04377527FB973A00CB5976 /* Presenter */,
			);
			path = Main;
			sourceTree = "<group>";
		};
		7F99CE3A280A0D27003BD226 /* TB */ = {
			isa = PBXGroup;
			children = (
				7F99CE40280A0D39003BD226 /* Complaints */,
				7F99CE3F280A0D37003BD226 /* Contact With Us */,
				7F99CE3E280A0D35003BD226 /* Language */,
				7F99CE3D280A0D33003BD226 /* Terms And Condetion */,
				7F99CE3C280A0D31003BD226 /* Who Are We */,
			);
			path = TB;
			sourceTree = "<group>";
		};
		7F99CE3C280A0D31003BD226 /* Who Are We */ = {
			isa = PBXGroup;
			children = (
				7F99CE60280A0EC8003BD226 /* WhoAreWe.swift */,
				7F99CE5F280A0EC8003BD226 /* WhoAreWe.xib */,
			);
			path = "Who Are We";
			sourceTree = "<group>";
		};
		7F99CE3D280A0D33003BD226 /* Terms And Condetion */ = {
			isa = PBXGroup;
			children = (
				7F99CE5B280A0EB6003BD226 /* TermsAndConditions.swift */,
				7F99CE5C280A0EB6003BD226 /* TermsAndConditions.xib */,
			);
			path = "Terms And Condetion";
			sourceTree = "<group>";
		};
		7F99CE3E280A0D35003BD226 /* Language */ = {
			isa = PBXGroup;
			children = (
				7F99CE57280A0EAB003BD226 /* Language.swift */,
				7F99CE58280A0EAB003BD226 /* Language.xib */,
			);
			path = Language;
			sourceTree = "<group>";
		};
		7F99CE3F280A0D37003BD226 /* Contact With Us */ = {
			isa = PBXGroup;
			children = (
				7F99CE53280A0E9F003BD226 /* ContactWithUs.swift */,
				7F99CE54280A0E9F003BD226 /* ContactWithUs.xib */,
			);
			path = "Contact With Us";
			sourceTree = "<group>";
		};
		7F99CE40280A0D39003BD226 /* Complaints */ = {
			isa = PBXGroup;
			children = (
				7F99CE42280A0DA4003BD226 /* Add Complaints */,
				7F99CE41280A0DA0003BD226 /* Main */,
			);
			path = Complaints;
			sourceTree = "<group>";
		};
		7F99CE41280A0DA0003BD226 /* Main */ = {
			isa = PBXGroup;
			children = (
				7F99CE4A280A0E13003BD226 /* Cell */,
				7F99CE43280A0DCE003BD226 /* View */,
			);
			path = Main;
			sourceTree = "<group>";
		};
		7F99CE42280A0DA4003BD226 /* Add Complaints */ = {
			isa = PBXGroup;
			children = (
				7F99CE4F280A0E43003BD226 /* AddComplaintsViewController.swift */,
				7F99CE50280A0E43003BD226 /* AddComplaintsViewController.xib */,
			);
			path = "Add Complaints";
			sourceTree = "<group>";
		};
		7F99CE43280A0DCE003BD226 /* View */ = {
			isa = PBXGroup;
			children = (
				7F99CE46280A0DE0003BD226 /* Complaints.swift */,
				7F99CE45280A0DE0003BD226 /* Complaints.xib */,
				7F99CE44280A0DE0003BD226 /* Complaints+TableView.swift */,
			);
			path = View;
			sourceTree = "<group>";
		};
		7F99CE4A280A0E13003BD226 /* Cell */ = {
			isa = PBXGroup;
			children = (
				7F99CE4C280A0E1D003BD226 /* TableViewCell.swift */,
				7F99CE4B280A0E1D003BD226 /* TableViewCell.xib */,
			);
			path = Cell;
			sourceTree = "<group>";
		};
		7F99CE63280A0F42003BD226 /* Profile */ = {
			isa = PBXGroup;
			children = (
				7F99CE65280A0F5A003BD226 /* Edit User Profile */,
				7F99CE64280A0F57003BD226 /* User Profile */,
			);
			path = Profile;
			sourceTree = "<group>";
		};
		7F99CE64280A0F57003BD226 /* User Profile */ = {
			isa = PBXGroup;
			children = (
				7F99CE6D280A0FB9003BD226 /* View */,
			);
			path = "User Profile";
			sourceTree = "<group>";
		};
		7F99CE65280A0F5A003BD226 /* Edit User Profile */ = {
			isa = PBXGroup;
			children = (
				7F99CE66280A0F9E003BD226 /* View */,
			);
			path = "Edit User Profile";
			sourceTree = "<group>";
		};
		7F99CE66280A0F9E003BD226 /* View */ = {
			isa = PBXGroup;
			children = (
				7F99CE67280A0FAC003BD226 /* EditProfile+TF.swift */,
				7F99CE68280A0FAC003BD226 /* EditUserProfile.swift */,
				7F99CE69280A0FAC003BD226 /* EditUserProfile.xib */,
			);
			path = View;
			sourceTree = "<group>";
		};
		7F99CE6D280A0FB9003BD226 /* View */ = {
			isa = PBXGroup;
			children = (
				7F99CE6E280A0FC0003BD226 /* UserProfile.swift */,
				7F99CE6F280A0FC0003BD226 /* UserProfile.xib */,
			);
			path = View;
			sourceTree = "<group>";
		};
		7F99CE75280A11B5003BD226 /* Chat */ = {
			isa = PBXGroup;
			children = (
				7F99CE78280A11C2003BD226 /* View */,
			);
			path = Chat;
			sourceTree = "<group>";
		};
		7F99CE78280A11C2003BD226 /* View */ = {
			isa = PBXGroup;
			children = (
				7F99CE7B280A11CB003BD226 /* Chat.swift */,
				7F99CE7A280A11CB003BD226 /* Chat+TableExtention.swift */,
				7F99CE79280A11CB003BD226 /* ChatCell.swift */,
			);
			path = View;
			sourceTree = "<group>";
		};
		7F99CE81280A121E003BD226 /* MyOrders */ = {
			isa = PBXGroup;
			children = (
				7F99CE83280A1233003BD226 /* View */,
				7F99CE82280A1231003BD226 /* Presenter */,
			);
			path = MyOrders;
			sourceTree = "<group>";
		};
		7F99CE82280A1231003BD226 /* Presenter */ = {
			isa = PBXGroup;
			children = (
				7F99CE84280A1270003BD226 /* OrdersPresenter.swift */,
			);
			path = Presenter;
			sourceTree = "<group>";
		};
		7F99CE83280A1233003BD226 /* View */ = {
			isa = PBXGroup;
			children = (
				7F99CE87280A127E003BD226 /* ViewController */,
				7F99CE86280A127B003BD226 /* Cells */,
			);
			path = View;
			sourceTree = "<group>";
		};
		7F99CE86280A127B003BD226 /* Cells */ = {
			isa = PBXGroup;
			children = (
				7F99CE90280A1299003BD226 /* ActiveCell */,
				7F99CE8F280A1297003BD226 /* ExpiredCell */,
				7F99CE8E280A1295003BD226 /* PendingCell */,
			);
			path = Cells;
			sourceTree = "<group>";
		};
		7F99CE87280A127E003BD226 /* ViewController */ = {
			isa = PBXGroup;
			children = (
				7F99CE89280A128C003BD226 /* Orders+Protocol.swift */,
				7F99CE88280A128C003BD226 /* Orders+TableExtention.swift */,
				7F99CE8A280A128D003BD226 /* OrderViewController.swift */,
			);
			path = ViewController;
			sourceTree = "<group>";
		};
		7F99CE8E280A1295003BD226 /* PendingCell */ = {
			isa = PBXGroup;
			children = (
				7F99CE9A280A12CE003BD226 /* PendingOrders.swift */,
				7F99CE99280A12CE003BD226 /* PendingOrders.xib */,
			);
			path = PendingCell;
			sourceTree = "<group>";
		};
		7F99CE8F280A1297003BD226 /* ExpiredCell */ = {
			isa = PBXGroup;
			children = (
				7F99CE96280A12C6003BD226 /* ExpiredOrders.swift */,
				7F99CE95280A12C6003BD226 /* ExpiredOrders.xib */,
			);
			path = ExpiredCell;
			sourceTree = "<group>";
		};
		7F99CE90280A1299003BD226 /* ActiveCell */ = {
			isa = PBXGroup;
			children = (
				7F99CE91280A12BE003BD226 /* ActiveOrders.swift */,
				7F99CE92280A12BE003BD226 /* ActiveOrders.xib */,
			);
			path = ActiveCell;
			sourceTree = "<group>";
		};
		7F99CE9D280AD728003BD226 /* Home */ = {
			isa = PBXGroup;
			children = (
				7F04376B27FB8FCA00CB5976 /* View */,
			);
			path = Home;
			sourceTree = "<group>";
		};
		7F99CE9E280AD740003BD226 /* AddNewOrder */ = {
			isa = PBXGroup;
			children = (
				7F99CEA1280AD771003BD226 /* Model */,
				7F99CEA0280AD76D003BD226 /* View */,
				7F99CE9F280AD76B003BD226 /* Presenter */,
			);
			path = AddNewOrder;
			sourceTree = "<group>";
		};
		7F99CE9F280AD76B003BD226 /* Presenter */ = {
			isa = PBXGroup;
			children = (
			);
			path = Presenter;
			sourceTree = "<group>";
		};
		7F99CEA0280AD76D003BD226 /* View */ = {
			isa = PBXGroup;
			children = (
				7F99CEA2280AD795003BD226 /* AddNewOrder.swift */,
				7F99CEA6280AE802003BD226 /* AddNewOrder+TFExtention.swift */,
				7F99CEA3280AD795003BD226 /* AddNewOrder.xib */,
			);
			path = View;
			sourceTree = "<group>";
		};
		7F99CEA1280AD771003BD226 /* Model */ = {
			isa = PBXGroup;
			children = (
			);
			path = Model;
			sourceTree = "<group>";
		};
		7F99CEA8280AF602003BD226 /* Handel TF */ = {
			isa = PBXGroup;
			children = (
				7F99CEA9280AF60D003BD226 /* HandelTF.swift */,
			);
			path = "Handel TF";
			sourceTree = "<group>";
		};
		7FAB713027F0CAB700477373 = {
			isa = PBXGroup;
			children = (
				7F826D3B27FA66EC00B2D50E /* Main */,
				7FE79E3F27F0DE37003D0F3B /* MVP First Screens */,
				7F04376827FB8FB200CB5976 /* MVP Home */,
				7FAB713B27F0CAB700477373 /* Shayal */,
				7FAB715227F0CAB800477373 /* ShayalTests */,
				7FAB715C27F0CAB800477373 /* ShayalUITests */,
				7FAB713A27F0CAB700477373 /* Products */,
				5A3F16882213703A0A9DDAAB /* Frameworks */,
				67EA549F46E19A93A6CD5660 /* Pods */,
			);
			sourceTree = "<group>";
		};
		7FAB713A27F0CAB700477373 /* Products */ = {
			isa = PBXGroup;
			children = (
				7FAB713927F0CAB700477373 /* Shayal.app */,
				7FAB714F27F0CAB800477373 /* ShayalTests.xctest */,
				7FAB715927F0CAB800477373 /* ShayalUITests.xctest */,
			);
			name = Products;
			sourceTree = "<group>";
		};
		7FAB713B27F0CAB700477373 /* Shayal */ = {
			isa = PBXGroup;
			children = (
				7FAB714A27F0CAB800477373 /* Info.plist */,
				7F04376627FB837200CB5976 /* Home.storyboard */,
				7FAB714227F0CAB700477373 /* Main.storyboard */,
				7FAB714027F0CAB700477373 /* ViewController.swift */,
				7FAB713E27F0CAB700477373 /* SceneDelegate.swift */,
			);
			path = Shayal;
			sourceTree = "<group>";
		};
		7FAB715227F0CAB800477373 /* ShayalTests */ = {
			isa = PBXGroup;
			children = (
				7FAB715327F0CAB800477373 /* ShayalTests.swift */,
			);
			path = ShayalTests;
			sourceTree = "<group>";
		};
		7FAB715C27F0CAB800477373 /* ShayalUITests */ = {
			isa = PBXGroup;
			children = (
				7FAB715D27F0CAB800477373 /* ShayalUITests.swift */,
				7FAB715F27F0CAB800477373 /* ShayalUITestsLaunchTests.swift */,
			);
			path = ShayalUITests;
			sourceTree = "<group>";
		};
		7FE0E7F827F77BEA003FB8BF /* Forget Password */ = {
			isa = PBXGroup;
			children = (
				7FE0E7FF27F77C25003FB8BF /* Model */,
				7FE0E7FE27F77C1C003FB8BF /* View */,
				7FE0E7FD27F77C12003FB8BF /* Presenter */,
			);
			path = "Forget Password";
			sourceTree = "<group>";
		};
		7FE0E7FD27F77C12003FB8BF /* Presenter */ = {
			isa = PBXGroup;
			children = (
				7FE0E80D27F87C1B003FB8BF /* EnterNumber */,
				7FE0E80E27F87C2A003FB8BF /* EnterCode */,
				7F826D3127FA5C5000B2D50E /* EnterNewPassword */,
			);
			path = Presenter;
			sourceTree = "<group>";
		};
		7FE0E7FE27F77C1C003FB8BF /* View */ = {
			isa = PBXGroup;
			children = (
				7FE0E80427F85ADD003FB8BF /* EnterNumber */,
				7FE0E80527F85B12003FB8BF /* VerficationSuccess */,
				7FE0E81127F87C5A003FB8BF /* EnterCode */,
				7F826D2C27FA5C1F00B2D50E /* EnterNewPasssword */,
			);
			path = View;
			sourceTree = "<group>";
		};
		7FE0E7FF27F77C25003FB8BF /* Model */ = {
			isa = PBXGroup;
			children = (
			);
			path = Model;
			sourceTree = "<group>";
		};
		7FE0E80427F85ADD003FB8BF /* EnterNumber */ = {
			isa = PBXGroup;
			children = (
				7FE0E7F927F77C0A003FB8BF /* ForgetPassword.swift */,
				7FE0E80227F783C5003FB8BF /* ForgetPassword+Delegate.swift */,
				7FE0E7FA27F77C0A003FB8BF /* ForgetPassword.xib */,
			);
			path = EnterNumber;
			sourceTree = "<group>";
		};
		7FE0E80527F85B12003FB8BF /* VerficationSuccess */ = {
			isa = PBXGroup;
			children = (
				7FE0E80627F85B51003FB8BF /* VerificationSuccess.swift */,
				7FE0E80727F85B51003FB8BF /* VerificationSuccess.xib */,
			);
			path = VerficationSuccess;
			sourceTree = "<group>";
		};
		7FE0E80D27F87C1B003FB8BF /* EnterNumber */ = {
			isa = PBXGroup;
			children = (
				7FE0E80027F78299003FB8BF /* ForgetPasswordPresenter.swift */,
			);
			path = EnterNumber;
			sourceTree = "<group>";
		};
		7FE0E80E27F87C2A003FB8BF /* EnterCode */ = {
			isa = PBXGroup;
			children = (
				7FE0E80F27F87C4D003FB8BF /* EnterCodePresenter.swift */,
			);
			path = EnterCode;
			sourceTree = "<group>";
		};
		7FE0E81127F87C5A003FB8BF /* EnterCode */ = {
			isa = PBXGroup;
			children = (
				7FE0E81227F87C79003FB8BF /* EnterCode.swift */,
				7FE0E81627F8CBC8003FB8BF /* EnterCode+UITextField.swift */,
				7FE0E81327F87C79003FB8BF /* EnterCode.xib */,
			);
			path = EnterCode;
			sourceTree = "<group>";
		};
		7FE79E3F27F0DE37003D0F3B /* MVP First Screens */ = {
			isa = PBXGroup;
			children = (
				7F7E8DE627F1BD6400FACB7C /* IntroScreens */,
				7FE0E7F827F77BEA003FB8BF /* Forget Password */,
				7F7E8DFC27F1FC0900FACB7C /* Login */,
				7F826D2B27FA5A8600B2D50E /* SignUP */,
			);
			path = "MVP First Screens";
			sourceTree = "<group>";
		};
		7FE79E4727F0EE9E003D0F3B /* Font */ = {
			isa = PBXGroup;
			children = (
				7FE79E5227F0EFD0003D0F3B /* Almarai-Regular.ttf */,
				7FE79E5127F0EFD0003D0F3B /* ArbFONTS-Almarai-Bold.ttf */,
				7FE79E5027F0EFD0003D0F3B /* ArbFONTS-Almarai-Light.ttf */,
			);
			path = Font;
			sourceTree = "<group>";
		};
/* End PBXGroup section */

/* Begin PBXNativeTarget section */
		7FAB713827F0CAB700477373 /* Shayal */ = {
			isa = PBXNativeTarget;
			buildConfigurationList = 7FAB716327F0CAB800477373 /* Build configuration list for PBXNativeTarget "Shayal" */;
			buildPhases = (
				45922AA9AF7B2C4B5CF77EE5 /* [CP] Check Pods Manifest.lock */,
				7FAB713527F0CAB700477373 /* Sources */,
				7FAB713627F0CAB700477373 /* Frameworks */,
				7FAB713727F0CAB700477373 /* Resources */,
			);
			buildRules = (
			);
			dependencies = (
			);
			name = Shayal;
			productName = Shayal;
			productReference = 7FAB713927F0CAB700477373 /* Shayal.app */;
			productType = "com.apple.product-type.application";
		};
		7FAB714E27F0CAB800477373 /* ShayalTests */ = {
			isa = PBXNativeTarget;
			buildConfigurationList = 7FAB716627F0CAB800477373 /* Build configuration list for PBXNativeTarget "ShayalTests" */;
			buildPhases = (
				7FAB714B27F0CAB800477373 /* Sources */,
				7FAB714C27F0CAB800477373 /* Frameworks */,
				7FAB714D27F0CAB800477373 /* Resources */,
			);
			buildRules = (
			);
			dependencies = (
				7FAB715127F0CAB800477373 /* PBXTargetDependency */,
			);
			name = ShayalTests;
			productName = ShayalTests;
			productReference = 7FAB714F27F0CAB800477373 /* ShayalTests.xctest */;
			productType = "com.apple.product-type.bundle.unit-test";
		};
		7FAB715827F0CAB800477373 /* ShayalUITests */ = {
			isa = PBXNativeTarget;
			buildConfigurationList = 7FAB716927F0CAB800477373 /* Build configuration list for PBXNativeTarget "ShayalUITests" */;
			buildPhases = (
				7FAB715527F0CAB800477373 /* Sources */,
				7FAB715627F0CAB800477373 /* Frameworks */,
				7FAB715727F0CAB800477373 /* Resources */,
			);
			buildRules = (
			);
			dependencies = (
				7FAB715B27F0CAB800477373 /* PBXTargetDependency */,
			);
			name = ShayalUITests;
			productName = ShayalUITests;
			productReference = 7FAB715927F0CAB800477373 /* ShayalUITests.xctest */;
			productType = "com.apple.product-type.bundle.ui-testing";
		};
/* End PBXNativeTarget section */

/* Begin PBXProject section */
		7FAB713127F0CAB700477373 /* Project object */ = {
			isa = PBXProject;
			attributes = {
				BuildIndependentTargetsInParallel = 1;
				LastSwiftUpdateCheck = 1300;
				LastUpgradeCheck = 1300;
				TargetAttributes = {
					7FAB713827F0CAB700477373 = {
						CreatedOnToolsVersion = 13.0;
					};
					7FAB714E27F0CAB800477373 = {
						CreatedOnToolsVersion = 13.0;
						TestTargetID = 7FAB713827F0CAB700477373;
					};
					7FAB715827F0CAB800477373 = {
						CreatedOnToolsVersion = 13.0;
						TestTargetID = 7FAB713827F0CAB700477373;
					};
				};
			};
			buildConfigurationList = 7FAB713427F0CAB700477373 /* Build configuration list for PBXProject "Shayal" */;
			compatibilityVersion = "Xcode 13.0";
			developmentRegion = en;
			hasScannedForEncodings = 0;
			knownRegions = (
				en,
				Base,
			);
			mainGroup = 7FAB713027F0CAB700477373;
			productRefGroup = 7FAB713A27F0CAB700477373 /* Products */;
			projectDirPath = "";
			projectRoot = "";
			targets = (
				7FAB713827F0CAB700477373 /* Shayal */,
				7FAB714E27F0CAB800477373 /* ShayalTests */,
				7FAB715827F0CAB800477373 /* ShayalUITests */,
			);
		};
/* End PBXProject section */

/* Begin PBXResourcesBuildPhase section */
		7FAB713727F0CAB700477373 /* Resources */ = {
			isa = PBXResourcesBuildPhase;
			buildActionMask = 2147483647;
			files = (
				7F99CE56280A0E9F003BD226 /* ContactWithUs.xib in Resources */,
				7F99CE71280A0FC0003BD226 /* UserProfile.xib in Resources */,
				7F7E8DEC27F1BE4000FACB7C /* Intro1.xib in Resources */,
				7F99CE4D280A0E1D003BD226 /* TableViewCell.xib in Resources */,
				7F99CE94280A12BE003BD226 /* ActiveOrders.xib in Resources */,
				7F826D4227FA67D900B2D50E /* SginUP.xib in Resources */,
				7FE0E80927F85B51003FB8BF /* VerificationSuccess.xib in Resources */,
				7F7E8DF627F1E7F000FACB7C /* Intro3.xib in Resources */,
				7F99CE6C280A0FAC003BD226 /* EditUserProfile.xib in Resources */,
				7F99CE5A280A0EAB003BD226 /* Language.xib in Resources */,
				7F99CE97280A12C6003BD226 /* ExpiredOrders.xib in Resources */,
				7F99CEA5280AD795003BD226 /* AddNewOrder.xib in Resources */,
				7F99CE5E280A0EB6003BD226 /* TermsAndConditions.xib in Resources */,
				7F99CE61280A0EC9003BD226 /* WhoAreWe.xib in Resources */,
				7F04376727FB837200CB5976 /* Home.storyboard in Resources */,
				7FE0E81527F87C79003FB8BF /* EnterCode.xib in Resources */,
				7F7E8DF127F1C61900FACB7C /* Intro2.xib in Resources */,
				7F7E8E0327F1FC3200FACB7C /* Login.xib in Resources */,
				7FAB714927F0CAB800477373 /* LaunchScreen.storyboard in Resources */,
				7F826D3027FA5C4500B2D50E /* EnterNewPassword.xib in Resources */,
				7FE79E5327F0EFD0003D0F3B /* ArbFONTS-Almarai-Light.ttf in Resources */,
				7FE79E5527F0EFD0003D0F3B /* Almarai-Regular.ttf in Resources */,
				7FAB714627F0CAB800477373 /* Assets.xcassets in Resources */,
				7F99CE48280A0DE0003BD226 /* Complaints.xib in Resources */,
				7F7E8DFB27F1ECC300FACB7C /* Intro4.xib in Resources */,
				7FE0E7FC27F77C0A003FB8BF /* ForgetPassword.xib in Resources */,
				7F99CE9B280A12CE003BD226 /* PendingOrders.xib in Resources */,
				7FE79E5427F0EFD0003D0F3B /* ArbFONTS-Almarai-Bold.ttf in Resources */,
				7F99CE52280A0E43003BD226 /* AddComplaintsViewController.xib in Resources */,
				7FAB714427F0CAB700477373 /* Main.storyboard in Resources */,
			);
			runOnlyForDeploymentPostprocessing = 0;
		};
		7FAB714D27F0CAB800477373 /* Resources */ = {
			isa = PBXResourcesBuildPhase;
			buildActionMask = 2147483647;
			files = (
			);
			runOnlyForDeploymentPostprocessing = 0;
		};
		7FAB715727F0CAB800477373 /* Resources */ = {
			isa = PBXResourcesBuildPhase;
			buildActionMask = 2147483647;
			files = (
			);
			runOnlyForDeploymentPostprocessing = 0;
		};
/* End PBXResourcesBuildPhase section */

/* Begin PBXShellScriptBuildPhase section */
		45922AA9AF7B2C4B5CF77EE5 /* [CP] Check Pods Manifest.lock */ = {
			isa = PBXShellScriptBuildPhase;
			buildActionMask = 2147483647;
			files = (
			);
			inputFileListPaths = (
			);
			inputPaths = (
				"${PODS_PODFILE_DIR_PATH}/Podfile.lock",
				"${PODS_ROOT}/Manifest.lock",
			);
			name = "[CP] Check Pods Manifest.lock";
			outputFileListPaths = (
			);
			outputPaths = (
				"$(DERIVED_FILE_DIR)/Pods-Shayal-checkManifestLockResult.txt",
			);
			runOnlyForDeploymentPostprocessing = 0;
			shellPath = /bin/sh;
			shellScript = "diff \"${PODS_PODFILE_DIR_PATH}/Podfile.lock\" \"${PODS_ROOT}/Manifest.lock\" > /dev/null\nif [ $? != 0 ] ; then\n    # print error to STDERR\n    echo \"error: The sandbox is not in sync with the Podfile.lock. Run 'pod install' or update your CocoaPods installation.\" >&2\n    exit 1\nfi\n# This output is used by Xcode 'outputs' to avoid re-running this script phase.\necho \"SUCCESS\" > \"${SCRIPT_OUTPUT_FILE_0}\"\n";
			showEnvVarsInLog = 0;
		};
/* End PBXShellScriptBuildPhase section */

/* Begin PBXSourcesBuildPhase section */
		7FAB713527F0CAB700477373 /* Sources */ = {
			isa = PBXSourcesBuildPhase;
			buildActionMask = 2147483647;
			files = (
				7F99CE8B280A128D003BD226 /* Orders+TableExtention.swift in Sources */,
				7F99CE55280A0E9F003BD226 /* ContactWithUs.swift in Sources */,
				7F7E8DF027F1C61900FACB7C /* Intro2.swift in Sources */,
				7FAB714127F0CAB700477373 /* ViewController.swift in Sources */,
				7F99CE9C280A12CE003BD226 /* PendingOrders.swift in Sources */,
				7FE0E7FB27F77C0A003FB8BF /* ForgetPassword.swift in Sources */,
				7FE0E81427F87C79003FB8BF /* EnterCode.swift in Sources */,
				7F826D3927FA63AE00B2D50E /* EnterNewPassword+Extention.swift in Sources */,
				7FAB713D27F0CAB700477373 /* AppDelegate.swift in Sources */,
				7F99CE8D280A128D003BD226 /* OrderViewController.swift in Sources */,
				7FE0E7F527F7537B003FB8BF /* loginPresenter.swift in Sources */,
				7F99CE49280A0DE0003BD226 /* Complaints.swift in Sources */,
				7F7E8DEB27F1BE4000FACB7C /* Intro1.swift in Sources */,
				7F99CE51280A0E43003BD226 /* AddComplaintsViewController.swift in Sources */,
				7F99CE8C280A128D003BD226 /* Orders+Protocol.swift in Sources */,
				7F99CE98280A12C6003BD226 /* ExpiredOrders.swift in Sources */,
				7F99CE6A280A0FAC003BD226 /* EditProfile+TF.swift in Sources */,
				7F99CE5D280A0EB6003BD226 /* TermsAndConditions.swift in Sources */,
				7F99CEA7280AE802003BD226 /* AddNewOrder+TFExtention.swift in Sources */,
				7F99CE93280A12BE003BD226 /* ActiveOrders.swift in Sources */,
				7F99CEA4280AD795003BD226 /* AddNewOrder.swift in Sources */,
				7FE0E80827F85B51003FB8BF /* VerificationSuccess.swift in Sources */,
				7FE0E81027F87C4D003FB8BF /* EnterCodePresenter.swift in Sources */,
				7F826D3727FA609900B2D50E /* HandelButton.swift in Sources */,
				7F99CE70280A0FC0003BD226 /* UserProfile.swift in Sources */,
				7FE0E80327F783C5003FB8BF /* ForgetPassword+Delegate.swift in Sources */,
				7F99CEAA280AF60D003BD226 /* HandelTF.swift in Sources */,
				7FE0E81727F8CBC8003FB8BF /* EnterCode+UITextField.swift in Sources */,
				7F826D4127FA67D900B2D50E /* SginUP.swift in Sources */,
				7FE0E80127F78299003FB8BF /* ForgetPasswordPresenter.swift in Sources */,
				7F99CE47280A0DE0003BD226 /* Complaints+TableView.swift in Sources */,
				7F826D2F27FA5C4500B2D50E /* EnterNewPassword.swift in Sources */,
				7F99CE85280A1270003BD226 /* OrdersPresenter.swift in Sources */,
				7F04378127FBA24D00CB5976 /* More+Protocol.swift in Sources */,
				7F99CE59280A0EAB003BD226 /* Language.swift in Sources */,
				7F04377927FB976300CB5976 /* More.swift in Sources */,
				7F826D2827FA465B00B2D50E /* APICall.swift in Sources */,
				7F99CE7D280A11CB003BD226 /* Chat+TableExtention.swift in Sources */,
				7F99CE4E280A0E1D003BD226 /* TableViewCell.swift in Sources */,
				7F7E8DF527F1E7F000FACB7C /* Intro3.swift in Sources */,
				7F99CE7E280A11CB003BD226 /* Chat.swift in Sources */,
				7F7E8DFA27F1ECC300FACB7C /* Intro4.swift in Sources */,
				7F99CE6B280A0FAC003BD226 /* EditUserProfile.swift in Sources */,
				7F826D4427FA773600B2D50E /* SginUP+Extention.swift in Sources */,
				7F04377D27FB989200CB5976 /* MoreCell.swift in Sources */,
				7FAB713F27F0CAB700477373 /* SceneDelegate.swift in Sources */,
				7FE0E7F727F7675A003FB8BF /* LoginVC+Protocol.swift in Sources */,
				7F04377027FB901A00CB5976 /* Home.swift in Sources */,
				7F99CE62280A0EC9003BD226 /* WhoAreWe.swift in Sources */,
				7F04377F27FB9D4D00CB5976 /* MorePresenter.swift in Sources */,
				7F99CE7C280A11CB003BD226 /* ChatCell.swift in Sources */,
				7F04377327FB92B000CB5976 /* HandelShadow.swift in Sources */,
				7F826D2A27FA49BD00B2D50E /* File.swift in Sources */,
				7F04377B27FB979900CB5976 /* More+TableView.swift in Sources */,
				7F04375B27FB75BB00CB5976 /* Spiner.swift in Sources */,
				7F7E8E0227F1FC3200FACB7C /* Login.swift in Sources */,
				7F826D3327FA5C6E00B2D50E /* EnterNewPasswordPresenter.swift in Sources */,
			);
			runOnlyForDeploymentPostprocessing = 0;
		};
		7FAB714B27F0CAB800477373 /* Sources */ = {
			isa = PBXSourcesBuildPhase;
			buildActionMask = 2147483647;
			files = (
				7FAB715427F0CAB800477373 /* ShayalTests.swift in Sources */,
			);
			runOnlyForDeploymentPostprocessing = 0;
		};
		7FAB715527F0CAB800477373 /* Sources */ = {
			isa = PBXSourcesBuildPhase;
			buildActionMask = 2147483647;
			files = (
				7FAB716027F0CAB800477373 /* ShayalUITestsLaunchTests.swift in Sources */,
				7FAB715E27F0CAB800477373 /* ShayalUITests.swift in Sources */,
			);
			runOnlyForDeploymentPostprocessing = 0;
		};
/* End PBXSourcesBuildPhase section */

/* Begin PBXTargetDependency section */
		7FAB715127F0CAB800477373 /* PBXTargetDependency */ = {
			isa = PBXTargetDependency;
			target = 7FAB713827F0CAB700477373 /* Shayal */;
			targetProxy = 7FAB715027F0CAB800477373 /* PBXContainerItemProxy */;
		};
		7FAB715B27F0CAB800477373 /* PBXTargetDependency */ = {
			isa = PBXTargetDependency;
			target = 7FAB713827F0CAB700477373 /* Shayal */;
			targetProxy = 7FAB715A27F0CAB800477373 /* PBXContainerItemProxy */;
		};
/* End PBXTargetDependency section */

/* Begin PBXVariantGroup section */
		7FAB714227F0CAB700477373 /* Main.storyboard */ = {
			isa = PBXVariantGroup;
			children = (
				7FAB714327F0CAB700477373 /* Base */,
			);
			name = Main.storyboard;
			sourceTree = "<group>";
		};
		7FAB714727F0CAB800477373 /* LaunchScreen.storyboard */ = {
			isa = PBXVariantGroup;
			children = (
				7FAB714827F0CAB800477373 /* Base */,
			);
			name = LaunchScreen.storyboard;
			sourceTree = "<group>";
		};
/* End PBXVariantGroup section */

/* Begin XCBuildConfiguration section */
		7FAB716127F0CAB800477373 /* Debug */ = {
			isa = XCBuildConfiguration;
			buildSettings = {
				ALWAYS_SEARCH_USER_PATHS = NO;
				CLANG_ANALYZER_NONNULL = YES;
				CLANG_ANALYZER_NUMBER_OBJECT_CONVERSION = YES_AGGRESSIVE;
				CLANG_CXX_LANGUAGE_STANDARD = "gnu++17";
				CLANG_CXX_LIBRARY = "libc++";
				CLANG_ENABLE_MODULES = YES;
				CLANG_ENABLE_OBJC_ARC = YES;
				CLANG_ENABLE_OBJC_WEAK = YES;
				CLANG_WARN_BLOCK_CAPTURE_AUTORELEASING = YES;
				CLANG_WARN_BOOL_CONVERSION = YES;
				CLANG_WARN_COMMA = YES;
				CLANG_WARN_CONSTANT_CONVERSION = YES;
				CLANG_WARN_DEPRECATED_OBJC_IMPLEMENTATIONS = YES;
				CLANG_WARN_DIRECT_OBJC_ISA_USAGE = YES_ERROR;
				CLANG_WARN_DOCUMENTATION_COMMENTS = YES;
				CLANG_WARN_EMPTY_BODY = YES;
				CLANG_WARN_ENUM_CONVERSION = YES;
				CLANG_WARN_INFINITE_RECURSION = YES;
				CLANG_WARN_INT_CONVERSION = YES;
				CLANG_WARN_NON_LITERAL_NULL_CONVERSION = YES;
				CLANG_WARN_OBJC_IMPLICIT_RETAIN_SELF = YES;
				CLANG_WARN_OBJC_LITERAL_CONVERSION = YES;
				CLANG_WARN_OBJC_ROOT_CLASS = YES_ERROR;
				CLANG_WARN_QUOTED_INCLUDE_IN_FRAMEWORK_HEADER = YES;
				CLANG_WARN_RANGE_LOOP_ANALYSIS = YES;
				CLANG_WARN_STRICT_PROTOTYPES = YES;
				CLANG_WARN_SUSPICIOUS_MOVE = YES;
				CLANG_WARN_UNGUARDED_AVAILABILITY = YES_AGGRESSIVE;
				CLANG_WARN_UNREACHABLE_CODE = YES;
				CLANG_WARN__DUPLICATE_METHOD_MATCH = YES;
				COPY_PHASE_STRIP = NO;
				DEBUG_INFORMATION_FORMAT = dwarf;
				ENABLE_STRICT_OBJC_MSGSEND = YES;
				ENABLE_TESTABILITY = YES;
				GCC_C_LANGUAGE_STANDARD = gnu11;
				GCC_DYNAMIC_NO_PIC = NO;
				GCC_NO_COMMON_BLOCKS = YES;
				GCC_OPTIMIZATION_LEVEL = 0;
				GCC_PREPROCESSOR_DEFINITIONS = (
					"DEBUG=1",
					"$(inherited)",
				);
				GCC_WARN_64_TO_32_BIT_CONVERSION = YES;
				GCC_WARN_ABOUT_RETURN_TYPE = YES_ERROR;
				GCC_WARN_UNDECLARED_SELECTOR = YES;
				GCC_WARN_UNINITIALIZED_AUTOS = YES_AGGRESSIVE;
				GCC_WARN_UNUSED_FUNCTION = YES;
				GCC_WARN_UNUSED_VARIABLE = YES;
				IPHONEOS_DEPLOYMENT_TARGET = 15.0;
				MTL_ENABLE_DEBUG_INFO = INCLUDE_SOURCE;
				MTL_FAST_MATH = YES;
				ONLY_ACTIVE_ARCH = YES;
				SDKROOT = iphoneos;
				SWIFT_ACTIVE_COMPILATION_CONDITIONS = DEBUG;
				SWIFT_OPTIMIZATION_LEVEL = "-Onone";
			};
			name = Debug;
		};
		7FAB716227F0CAB800477373 /* Release */ = {
			isa = XCBuildConfiguration;
			buildSettings = {
				ALWAYS_SEARCH_USER_PATHS = NO;
				CLANG_ANALYZER_NONNULL = YES;
				CLANG_ANALYZER_NUMBER_OBJECT_CONVERSION = YES_AGGRESSIVE;
				CLANG_CXX_LANGUAGE_STANDARD = "gnu++17";
				CLANG_CXX_LIBRARY = "libc++";
				CLANG_ENABLE_MODULES = YES;
				CLANG_ENABLE_OBJC_ARC = YES;
				CLANG_ENABLE_OBJC_WEAK = YES;
				CLANG_WARN_BLOCK_CAPTURE_AUTORELEASING = YES;
				CLANG_WARN_BOOL_CONVERSION = YES;
				CLANG_WARN_COMMA = YES;
				CLANG_WARN_CONSTANT_CONVERSION = YES;
				CLANG_WARN_DEPRECATED_OBJC_IMPLEMENTATIONS = YES;
				CLANG_WARN_DIRECT_OBJC_ISA_USAGE = YES_ERROR;
				CLANG_WARN_DOCUMENTATION_COMMENTS = YES;
				CLANG_WARN_EMPTY_BODY = YES;
				CLANG_WARN_ENUM_CONVERSION = YES;
				CLANG_WARN_INFINITE_RECURSION = YES;
				CLANG_WARN_INT_CONVERSION = YES;
				CLANG_WARN_NON_LITERAL_NULL_CONVERSION = YES;
				CLANG_WARN_OBJC_IMPLICIT_RETAIN_SELF = YES;
				CLANG_WARN_OBJC_LITERAL_CONVERSION = YES;
				CLANG_WARN_OBJC_ROOT_CLASS = YES_ERROR;
				CLANG_WARN_QUOTED_INCLUDE_IN_FRAMEWORK_HEADER = YES;
				CLANG_WARN_RANGE_LOOP_ANALYSIS = YES;
				CLANG_WARN_STRICT_PROTOTYPES = YES;
				CLANG_WARN_SUSPICIOUS_MOVE = YES;
				CLANG_WARN_UNGUARDED_AVAILABILITY = YES_AGGRESSIVE;
				CLANG_WARN_UNREACHABLE_CODE = YES;
				CLANG_WARN__DUPLICATE_METHOD_MATCH = YES;
				COPY_PHASE_STRIP = NO;
				DEBUG_INFORMATION_FORMAT = "dwarf-with-dsym";
				ENABLE_NS_ASSERTIONS = NO;
				ENABLE_STRICT_OBJC_MSGSEND = YES;
				GCC_C_LANGUAGE_STANDARD = gnu11;
				GCC_NO_COMMON_BLOCKS = YES;
				GCC_WARN_64_TO_32_BIT_CONVERSION = YES;
				GCC_WARN_ABOUT_RETURN_TYPE = YES_ERROR;
				GCC_WARN_UNDECLARED_SELECTOR = YES;
				GCC_WARN_UNINITIALIZED_AUTOS = YES_AGGRESSIVE;
				GCC_WARN_UNUSED_FUNCTION = YES;
				GCC_WARN_UNUSED_VARIABLE = YES;
				IPHONEOS_DEPLOYMENT_TARGET = 15.0;
				MTL_ENABLE_DEBUG_INFO = NO;
				MTL_FAST_MATH = YES;
				SDKROOT = iphoneos;
				SWIFT_COMPILATION_MODE = wholemodule;
				SWIFT_OPTIMIZATION_LEVEL = "-O";
				VALIDATE_PRODUCT = YES;
			};
			name = Release;
		};
		7FAB716427F0CAB800477373 /* Debug */ = {
			isa = XCBuildConfiguration;
			baseConfigurationReference = 4ADB3ED171A52EDAE1495000 /* Pods-Shayal.debug.xcconfig */;
			buildSettings = {
				ASSETCATALOG_COMPILER_APPICON_NAME = AppIcon;
				ASSETCATALOG_COMPILER_GLOBAL_ACCENT_COLOR_NAME = AccentColor;
				CODE_SIGN_STYLE = Automatic;
				CURRENT_PROJECT_VERSION = 1;
				DEVELOPMENT_TEAM = 475V82HT95;
				GENERATE_INFOPLIST_FILE = YES;
				INFOPLIST_FILE = Shayal/Info.plist;
				INFOPLIST_KEY_UIApplicationSupportsIndirectInputEvents = YES;
				INFOPLIST_KEY_UILaunchStoryboardName = LaunchScreen;
				INFOPLIST_KEY_UIMainStoryboardFile = Main;
				INFOPLIST_KEY_UISupportedInterfaceOrientations_iPad = "UIInterfaceOrientationPortrait UIInterfaceOrientationPortraitUpsideDown UIInterfaceOrientationLandscapeLeft UIInterfaceOrientationLandscapeRight";
				INFOPLIST_KEY_UISupportedInterfaceOrientations_iPhone = "UIInterfaceOrientationPortrait UIInterfaceOrientationLandscapeLeft UIInterfaceOrientationLandscapeRight";
				LD_RUNPATH_SEARCH_PATHS = (
					"$(inherited)",
					"@executable_path/Frameworks",
				);
				MARKETING_VERSION = 1.0;
				PRODUCT_BUNDLE_IDENTIFIER = "abdalazem-saleh.Shayal";
				PRODUCT_NAME = "$(TARGET_NAME)";
				SWIFT_EMIT_LOC_STRINGS = YES;
				SWIFT_VERSION = 5.0;
				TARGETED_DEVICE_FAMILY = "1,2";
			};
			name = Debug;
		};
		7FAB716527F0CAB800477373 /* Release */ = {
			isa = XCBuildConfiguration;
			baseConfigurationReference = 42104522DA31D0062F2441CF /* Pods-Shayal.release.xcconfig */;
			buildSettings = {
				ASSETCATALOG_COMPILER_APPICON_NAME = AppIcon;
				ASSETCATALOG_COMPILER_GLOBAL_ACCENT_COLOR_NAME = AccentColor;
				CODE_SIGN_STYLE = Automatic;
				CURRENT_PROJECT_VERSION = 1;
				DEVELOPMENT_TEAM = 475V82HT95;
				GENERATE_INFOPLIST_FILE = YES;
				INFOPLIST_FILE = Shayal/Info.plist;
				INFOPLIST_KEY_UIApplicationSupportsIndirectInputEvents = YES;
				INFOPLIST_KEY_UILaunchStoryboardName = LaunchScreen;
				INFOPLIST_KEY_UIMainStoryboardFile = Main;
				INFOPLIST_KEY_UISupportedInterfaceOrientations_iPad = "UIInterfaceOrientationPortrait UIInterfaceOrientationPortraitUpsideDown UIInterfaceOrientationLandscapeLeft UIInterfaceOrientationLandscapeRight";
				INFOPLIST_KEY_UISupportedInterfaceOrientations_iPhone = "UIInterfaceOrientationPortrait UIInterfaceOrientationLandscapeLeft UIInterfaceOrientationLandscapeRight";
				LD_RUNPATH_SEARCH_PATHS = (
					"$(inherited)",
					"@executable_path/Frameworks",
				);
				MARKETING_VERSION = 1.0;
				PRODUCT_BUNDLE_IDENTIFIER = "abdalazem-saleh.Shayal";
				PRODUCT_NAME = "$(TARGET_NAME)";
				SWIFT_EMIT_LOC_STRINGS = YES;
				SWIFT_VERSION = 5.0;
				TARGETED_DEVICE_FAMILY = "1,2";
			};
			name = Release;
		};
		7FAB716727F0CAB800477373 /* Debug */ = {
			isa = XCBuildConfiguration;
			buildSettings = {
				ALWAYS_EMBED_SWIFT_STANDARD_LIBRARIES = YES;
				BUNDLE_LOADER = "$(TEST_HOST)";
				CODE_SIGN_STYLE = Automatic;
				CURRENT_PROJECT_VERSION = 1;
				DEVELOPMENT_TEAM = 475V82HT95;
				GENERATE_INFOPLIST_FILE = YES;
				IPHONEOS_DEPLOYMENT_TARGET = 15.0;
				LD_RUNPATH_SEARCH_PATHS = (
					"$(inherited)",
					"@executable_path/Frameworks",
					"@loader_path/Frameworks",
				);
				MARKETING_VERSION = 1.0;
				PRODUCT_BUNDLE_IDENTIFIER = "abdalazem-saleh.ShayalTests";
				PRODUCT_NAME = "$(TARGET_NAME)";
				SWIFT_EMIT_LOC_STRINGS = NO;
				SWIFT_VERSION = 5.0;
				TARGETED_DEVICE_FAMILY = "1,2";
				TEST_HOST = "$(BUILT_PRODUCTS_DIR)/Shayal.app/Shayal";
			};
			name = Debug;
		};
		7FAB716827F0CAB800477373 /* Release */ = {
			isa = XCBuildConfiguration;
			buildSettings = {
				ALWAYS_EMBED_SWIFT_STANDARD_LIBRARIES = YES;
				BUNDLE_LOADER = "$(TEST_HOST)";
				CODE_SIGN_STYLE = Automatic;
				CURRENT_PROJECT_VERSION = 1;
				DEVELOPMENT_TEAM = 475V82HT95;
				GENERATE_INFOPLIST_FILE = YES;
				IPHONEOS_DEPLOYMENT_TARGET = 15.0;
				LD_RUNPATH_SEARCH_PATHS = (
					"$(inherited)",
					"@executable_path/Frameworks",
					"@loader_path/Frameworks",
				);
				MARKETING_VERSION = 1.0;
				PRODUCT_BUNDLE_IDENTIFIER = "abdalazem-saleh.ShayalTests";
				PRODUCT_NAME = "$(TARGET_NAME)";
				SWIFT_EMIT_LOC_STRINGS = NO;
				SWIFT_VERSION = 5.0;
				TARGETED_DEVICE_FAMILY = "1,2";
				TEST_HOST = "$(BUILT_PRODUCTS_DIR)/Shayal.app/Shayal";
			};
			name = Release;
		};
		7FAB716A27F0CAB800477373 /* Debug */ = {
			isa = XCBuildConfiguration;
			buildSettings = {
				ALWAYS_EMBED_SWIFT_STANDARD_LIBRARIES = YES;
				CODE_SIGN_STYLE = Automatic;
				CURRENT_PROJECT_VERSION = 1;
				DEVELOPMENT_TEAM = 475V82HT95;
				GENERATE_INFOPLIST_FILE = YES;
				LD_RUNPATH_SEARCH_PATHS = (
					"$(inherited)",
					"@executable_path/Frameworks",
					"@loader_path/Frameworks",
				);
				MARKETING_VERSION = 1.0;
				PRODUCT_BUNDLE_IDENTIFIER = "abdalazem-saleh.ShayalUITests";
				PRODUCT_NAME = "$(TARGET_NAME)";
				SWIFT_EMIT_LOC_STRINGS = NO;
				SWIFT_VERSION = 5.0;
				TARGETED_DEVICE_FAMILY = "1,2";
				TEST_TARGET_NAME = Shayal;
			};
			name = Debug;
		};
		7FAB716B27F0CAB800477373 /* Release */ = {
			isa = XCBuildConfiguration;
			buildSettings = {
				ALWAYS_EMBED_SWIFT_STANDARD_LIBRARIES = YES;
				CODE_SIGN_STYLE = Automatic;
				CURRENT_PROJECT_VERSION = 1;
				DEVELOPMENT_TEAM = 475V82HT95;
				GENERATE_INFOPLIST_FILE = YES;
				LD_RUNPATH_SEARCH_PATHS = (
					"$(inherited)",
					"@executable_path/Frameworks",
					"@loader_path/Frameworks",
				);
				MARKETING_VERSION = 1.0;
				PRODUCT_BUNDLE_IDENTIFIER = "abdalazem-saleh.ShayalUITests";
				PRODUCT_NAME = "$(TARGET_NAME)";
				SWIFT_EMIT_LOC_STRINGS = NO;
				SWIFT_VERSION = 5.0;
				TARGETED_DEVICE_FAMILY = "1,2";
				TEST_TARGET_NAME = Shayal;
			};
			name = Release;
		};
/* End XCBuildConfiguration section */

/* Begin XCConfigurationList section */
		7FAB713427F0CAB700477373 /* Build configuration list for PBXProject "Shayal" */ = {
			isa = XCConfigurationList;
			buildConfigurations = (
				7FAB716127F0CAB800477373 /* Debug */,
				7FAB716227F0CAB800477373 /* Release */,
			);
			defaultConfigurationIsVisible = 0;
			defaultConfigurationName = Release;
		};
		7FAB716327F0CAB800477373 /* Build configuration list for PBXNativeTarget "Shayal" */ = {
			isa = XCConfigurationList;
			buildConfigurations = (
				7FAB716427F0CAB800477373 /* Debug */,
				7FAB716527F0CAB800477373 /* Release */,
			);
			defaultConfigurationIsVisible = 0;
			defaultConfigurationName = Release;
		};
		7FAB716627F0CAB800477373 /* Build configuration list for PBXNativeTarget "ShayalTests" */ = {
			isa = XCConfigurationList;
			buildConfigurations = (
				7FAB716727F0CAB800477373 /* Debug */,
				7FAB716827F0CAB800477373 /* Release */,
			);
			defaultConfigurationIsVisible = 0;
			defaultConfigurationName = Release;
		};
		7FAB716927F0CAB800477373 /* Build configuration list for PBXNativeTarget "ShayalUITests" */ = {
			isa = XCConfigurationList;
			buildConfigurations = (
				7FAB716A27F0CAB800477373 /* Debug */,
				7FAB716B27F0CAB800477373 /* Release */,
			);
			defaultConfigurationIsVisible = 0;
			defaultConfigurationName = Release;
		};
/* End XCConfigurationList section */
	};
	rootObject = 7FAB713127F0CAB700477373 /* Project object */;
}
